// !$*UTF8*$!
{
	archiveVersion = 1;
	classes = {
	};
	objectVersion = 52;
	objects = {

/* Begin PBXBuildFile section */
		0207DA581B56EA530066E2B4 /* Images.xcassets in Resources */ = {isa = PBXBuildFile; fileRef = 0207DA571B56EA530066E2B4 /* Images.xcassets */; };
		021C217FF76F48C9BB3D5EE6 /* ca.lproj in Resources */ = {isa = PBXBuildFile; fileRef = F784069693734C21BE62BCA3 /* ca.lproj */; };
		036A1D474B20456B95947AF6 /* PECropViewController.m in Sources */ = {isa = PBXBuildFile; fileRef = 1BFE3552D6AD4379AC6270B3 /* PECropViewController.m */; };
		05654A7529EC4FCC95903673 /* GMEmptyFolder@2x.png in Resources */ = {isa = PBXBuildFile; fileRef = B58B19627C114416AD76FE94 /* GMEmptyFolder@2x.png */; };
		0815C83708044D3FBFC516FE /* fr.lproj in Resources */ = {isa = PBXBuildFile; fileRef = 68E9875AEE054E178EF9D2BE /* fr.lproj */; };
		0A7BD5E83F79417AAF2175C6 /* SM_AFURLResponseSerialization.m in Sources */ = {isa = PBXBuildFile; fileRef = 64BE06DBCD6A485BA8C588AB /* SM_AFURLResponseSerialization.m */; };
		0B9AB3E5EF204FF887C5D25C /* WebKit.framework in Frameworks */ = {isa = PBXBuildFile; fileRef = C4991AE4AEAC4BA89CD934DB /* WebKit.framework */; settings = {ATTRIBUTES = (Weak, ); }; };
		0D072DB2F53C42788DBE4A5B /* CDVInAppBrowserOptions.m in Sources */ = {isa = PBXBuildFile; fileRef = 170671F3AC454EA8A96F459C /* CDVInAppBrowserOptions.m */; };
		0EA72C030DDF448DA492ECA3 /* SQLitePlugin.m in Sources */ = {isa = PBXBuildFile; fileRef = 5AD507BC64C34B5A930E5B54 /* SQLitePlugin.m */; };
		13B64139B0274EB38C5A2869 /* GMVideoIcon.png in Resources */ = {isa = PBXBuildFile; fileRef = 41A173F92B1047AF8ACAA4B0 /* GMVideoIcon.png */; };
		14D8C9DBE60846A2835FE20B /* GMSelected@2x.png in Resources */ = {isa = PBXBuildFile; fileRef = 6F74E8289412463B932F12D4 /* GMSelected@2x.png */; };
		16E7E910DC0546AABE0DBB2F /* PSYBlockTimer.m in Sources */ = {isa = PBXBuildFile; fileRef = 67E37BEE432A4D41B0F82183 /* PSYBlockTimer.m */; };
		183765C02A8A40558BE9C043 /* IONAssetHandler.m in Sources */ = {isa = PBXBuildFile; fileRef = 27883ED2AA5D4A9184FD37E3 /* IONAssetHandler.m */; };
		185E4C19DFA24B6A9EE69E26 /* es.lproj in Resources */ = {isa = PBXBuildFile; fileRef = 213FD96C01D9477D836D8702 /* es.lproj */; };
		1D3623260D0F684500981E51 /* AppDelegate.m in Sources */ = {isa = PBXBuildFile; fileRef = 1D3623250D0F684500981E51 /* AppDelegate.m */; };
		1D60589B0D05DD56006BFB54 /* main.m in Sources */ = {isa = PBXBuildFile; fileRef = 29B97316FDCFA39411CA2CEA /* main.m */; };
		1F88D47596DE4BF481505E44 /* GMAlbumsViewController.m in Sources */ = {isa = PBXBuildFile; fileRef = 830F2E05C54B4B509F2C0353 /* GMAlbumsViewController.m */; };
		20DD742E833D42ACAEBE577C /* CDVWKWebViewUIDelegate.m in Sources */ = {isa = PBXBuildFile; fileRef = 31D844D1CAE349108001C20A /* CDVWKWebViewUIDelegate.m */; };
		2128DBB5C0FC44A991C2DAF7 /* GMGridViewController.m in Sources */ = {isa = PBXBuildFile; fileRef = B4BF60844F194A91822A8865 /* GMGridViewController.m */; };
		237EBBBFAA894D47A6C6C6EF /* de.lproj in Resources */ = {isa = PBXBuildFile; fileRef = 9C9D041B7B12408ABB03B8F7 /* de.lproj */; };
		257DD59687F24302A5859E4B /* SDNetworkActivityIndicator.m in Sources */ = {isa = PBXBuildFile; fileRef = 4D09B4ABD5BE4DEC9D0C0950 /* SDNetworkActivityIndicator.m */; };
		298FA330CD32477493D97475 /* Accelerate.framework in Frameworks */ = {isa = PBXBuildFile; fileRef = 6E61127AB6F04C2389B90C56 /* Accelerate.framework */; };
		29B13ECA3DE947A1AC74687E /* Security.framework in Frameworks */ = {isa = PBXBuildFile; fileRef = E7E509E749C64B96B66C353A /* Security.framework */; };
		2B520FD6E3C54550854F2828 /* TextResponseSerializer.m in Sources */ = {isa = PBXBuildFile; fileRef = ACE12866187248AFA0690F51 /* TextResponseSerializer.m */; };
		2F6FE1DCCB3D419E8C820AC3 /* SOSPicker.m in Sources */ = {isa = PBXBuildFile; fileRef = 0081F5FDC3064190B8BE46E6 /* SOSPicker.m */; };
		2FDA21AB00304987BBA6B8AD /* CDVFile.m in Sources */ = {isa = PBXBuildFile; fileRef = 3EE20A12E52340128F31EBA3 /* CDVFile.m */; };
		301BF552109A68D80062928A /* libCordova.a in Frameworks */ = {isa = PBXBuildFile; fileRef = 301BF535109A57CC0062928A /* libCordova.a */; settings = {ATTRIBUTES = (Required, ); }; };
		302D95F114D2391D003F00A1 /* MainViewController.m in Sources */ = {isa = PBXBuildFile; fileRef = 302D95EF14D2391D003F00A1 /* MainViewController.m */; };
		302D95F214D2391D003F00A1 /* MainViewController.xib in Resources */ = {isa = PBXBuildFile; fileRef = 302D95F014D2391D003F00A1 /* MainViewController.xib */; };
		310C48630C58487C8E5E77C8 /* CDVNotification.bundle in Resources */ = {isa = PBXBuildFile; fileRef = 64B5E94F3DD94F2980908DC7 /* CDVNotification.bundle */; };
		37542F90DA9B439BA1B46433 /* APPEmailComposerImpl.m in Sources */ = {isa = PBXBuildFile; fileRef = 1CB222ADAFA341BABC1D43D0 /* APPEmailComposerImpl.m */; };
		3882F2CA2761463D8073F010 /* CTCrop.m in Sources */ = {isa = PBXBuildFile; fileRef = 22AD8C3994224F368DD95F8A /* CTCrop.m */; };
		391A7C58DC414E6AA205D23C /* GMPHAsset.m in Sources */ = {isa = PBXBuildFile; fileRef = 236C43E87D40444785318845 /* GMPHAsset.m */; };
		3B47190ADA944F19AA5EBF3A /* SafariServices.framework in Frameworks */ = {isa = PBXBuildFile; fileRef = 8B911E00D6AE43B2A751C7B6 /* SafariServices.framework */; settings = {ATTRIBUTES = (Weak, ); }; };
		3BFF498B92B04FBCBEAB4D42 /* BinaryResponseSerializer.m in Sources */ = {isa = PBXBuildFile; fileRef = 4A6252087DFF4CF589E0F5CD /* BinaryResponseSerializer.m */; };
		40547F269E9D4C689FA1054C /* APPEmailComposer.m in Sources */ = {isa = PBXBuildFile; fileRef = 1AE37BF864D0450CA5934AA8 /* APPEmailComposer.m */; };
		418815F5FC5948AF92CC0CD9 /* GMGridViewCell.m in Sources */ = {isa = PBXBuildFile; fileRef = 8C60709B875344CABBF08CE6 /* GMGridViewCell.m */; };
		42A42EEA513940F6ACCFFFD0 /* SystemConfiguration.framework in Frameworks */ = {isa = PBXBuildFile; fileRef = BB7FEA79FA7C4F19B024FD26 /* SystemConfiguration.framework */; };
		46C240A051E44DF79E892F20 /* CDVAppRate.m in Sources */ = {isa = PBXBuildFile; fileRef = FDD7178EAD85434C8C74EA52 /* CDVAppRate.m */; };
		4E0C8C5029634503B4CBF744 /* GMEmptyFolder@1x.png in Resources */ = {isa = PBXBuildFile; fileRef = 48DEF0406F164EC49C9E9E40 /* GMEmptyFolder@1x.png */; };
		51F36D7E26954CE9B86C809A /* CDVInAppBrowserNavigationController.m in Sources */ = {isa = PBXBuildFile; fileRef = D983D0D5405148A7A2DAFD0E /* CDVInAppBrowserNavigationController.m */; };
		5A7B5CB5D6AD437483856EC6 /* AddressBook.framework in Frameworks */ = {isa = PBXBuildFile; fileRef = C630DA33BFEB45FFB4403715 /* AddressBook.framework */; settings = {ATTRIBUTES = (Weak, ); }; };
		5BF45B5915D243A6B824C5CE /* SocialSharing.m in Sources */ = {isa = PBXBuildFile; fileRef = B53A4E24907C464884EB89F8 /* SocialSharing.m */; };
		5DB08E6BDF874B5F81634E1B /* NativeGeocoder.swift in Sources */ = {isa = PBXBuildFile; fileRef = 37EF44A82D254296B432F605 /* NativeGeocoder.swift */; };
		6548A65CD529493192C817B9 /* UIImage+PECrop.m in Sources */ = {isa = PBXBuildFile; fileRef = A5159C6B0911435897C3BFCB /* UIImage+PECrop.m */; };
		65F28C5933BB410EA2AE6D68 /* NSString+SSURLEncoding.m in Sources */ = {isa = PBXBuildFile; fileRef = 76A5A7BEEC1E4659B13702A6 /* NSString+SSURLEncoding.m */; };
		682B4C44DE36497987A9CFBD /* GMFetchItem.m in Sources */ = {isa = PBXBuildFile; fileRef = AD0B8F6375024E95ACEDCBD1 /* GMFetchItem.m */; };
		691002F771E443F68CC5E5F1 /* pt.lproj in Resources */ = {isa = PBXBuildFile; fileRef = 14FCA1A1D5A64536A5172EC4 /* pt.lproj */; };
		6AFF5BF91D6E424B00AB3073 /* CDVLaunchScreen.storyboard in Resources */ = {isa = PBXBuildFile; fileRef = 6AFF5BF81D6E424B00AB3073 /* CDVLaunchScreen.storyboard */; };
		6B16F9BEBDEA4D61A56E2B53 /* CDVWKInAppBrowserUIDelegate.m in Sources */ = {isa = PBXBuildFile; fileRef = DCB32946EBEE4984A7277158 /* CDVWKInAppBrowserUIDelegate.m */; };
		6C48FD6CE96A42F2AE93F649 /* SM_AFURLRequestSerialization.m in Sources */ = {isa = PBXBuildFile; fileRef = C6F7F5719D9246E68FB365EA /* SM_AFURLRequestSerialization.m */; };
		6D339F8DBDB74ABCAF66B725 /* CDVLocation.m in Sources */ = {isa = PBXBuildFile; fileRef = FD8FDF0715EC443ABFE8D5CC /* CDVLocation.m */; };
		6D4D178C037E4CB8B0EDD639 /* PECropRectView.m in Sources */ = {isa = PBXBuildFile; fileRef = 0A12A26311E642E6AA636BF6 /* PECropRectView.m */; };
		6E79B435B38347CF93E80707 /* Social.framework in Frameworks */ = {isa = PBXBuildFile; fileRef = 657A6414AAD7473991A50D39 /* Social.framework */; settings = {ATTRIBUTES = (Weak, ); }; };
		6EB1215CFBAF49E4944B9748 /* CDVWKInAppBrowser.m in Sources */ = {isa = PBXBuildFile; fileRef = 4BC8884AE9E544A199D5D997 /* CDVWKInAppBrowser.m */; };
		7045DBCFC3014D858E9FF339 /* StoreKit.framework in Frameworks */ = {isa = PBXBuildFile; fileRef = FC50219B5F974D2CB22AE3A5 /* StoreKit.framework */; };
		7261375EC2BC4397BFC46F8E /* RequestLocationAccuracy.m in Sources */ = {isa = PBXBuildFile; fileRef = 3827156F8C9945169F939703 /* RequestLocationAccuracy.m */; };
		75F81B9D74F14D129EFA3350 /* CDVStatusBar.m in Sources */ = {isa = PBXBuildFile; fileRef = CA8A6FA3F3B64B1881ED7E66 /* CDVStatusBar.m */; };
		78D49D52C5C6489984D29D3C /* CoreLocation.framework in Frameworks */ = {isa = PBXBuildFile; fileRef = CBDCD1F3D6914A81BB703E28 /* CoreLocation.framework */; };
		80445854B6A043EE997533F0 /* PECropView.m in Sources */ = {isa = PBXBuildFile; fileRef = 316C0868D8934E36A7138D71 /* PECropView.m */; };
		81A42EBA8B004DD8BA355DD8 /* CDVWKWebViewEngine.m in Sources */ = {isa = PBXBuildFile; fileRef = 2A70E7B10A00473899797769 /* CDVWKWebViewEngine.m */; };
		853CA31F9DF44941A4EDB0F5 /* PEResizeControl.m in Sources */ = {isa = PBXBuildFile; fileRef = B21B7C3C112A4C71A399CD22 /* PEResizeControl.m */; };
		895506823747470D81C84F13 /* SM_AFNetworkReachabilityManager.m in Sources */ = {isa = PBXBuildFile; fileRef = EC50CA3EB14E4C3EBD6A569D /* SM_AFNetworkReachabilityManager.m */; };
		8C5B77FAEBE64377A8150FC5 /* libz.dylib in Frameworks */ = {isa = PBXBuildFile; fileRef = 9032FF4DDB5B4B67B72A49AF /* libz.dylib */; settings = {ATTRIBUTES = (Weak, ); }; };
		919A4438D59940B59C396ED2 /* MessageUI.framework in Frameworks */ = {isa = PBXBuildFile; fileRef = 75F20A3EEB8645699884A750 /* MessageUI.framework */; };
		91E86A1311794818B916B02A /* GMImagePickerController.m in Sources */ = {isa = PBXBuildFile; fileRef = D8BD05959AF44663AFE3488C /* GMImagePickerController.m */; };
		92A3EDE3A5EE442E91FD8CAF /* BinaryRequestSerializer.m in Sources */ = {isa = PBXBuildFile; fileRef = 1D505B3EB5434EAAB4687DDE /* BinaryRequestSerializer.m */; };
		931675F6FAE14FE7A8D98B91 /* CDVIonicKeyboard.m in Sources */ = {isa = PBXBuildFile; fileRef = DF4FD249A1EC483AA8A9107C /* CDVIonicKeyboard.m */; };
		96B3D2798A244F308E47F339 /* SM_AFURLSessionManager.m in Sources */ = {isa = PBXBuildFile; fileRef = 5BF2D29C498D43BBA7A7DD66 /* SM_AFURLSessionManager.m */; };
		97F165330C5A4B9AB8A7C372 /* TextRequestSerializer.m in Sources */ = {isa = PBXBuildFile; fileRef = C1F39F91F1834165B83D9E70 /* TextRequestSerializer.m */; };
		9A5CA26C46FE431991F8DBF2 /* UIImage+fixOrientation.m in Sources */ = {isa = PBXBuildFile; fileRef = 7A5AA52BE0FB4188B30483BA /* UIImage+fixOrientation.m */; };
		A117148CE34D431AAD5EA60B /* CDVAssetLibraryFilesystem.m in Sources */ = {isa = PBXBuildFile; fileRef = 3F68A8134F4C4AA8AC9D5BFB /* CDVAssetLibraryFilesystem.m */; };
		A23D9AC88E654EBDA3D2EF56 /* GMSelected.png in Resources */ = {isa = PBXBuildFile; fileRef = 6F944F9BDAE546D3B0B8C2E3 /* GMSelected.png */; };
		AC6FD4C3523743E68AA1465A /* CordovaHttpPlugin.m in Sources */ = {isa = PBXBuildFile; fileRef = 6A56904A3CB94E49922D8455 /* CordovaHttpPlugin.m */; };
		AE76100104534BCE8F9B9771 /* CDVWKProcessPoolFactory.m in Sources */ = {isa = PBXBuildFile; fileRef = AF0399A7783D4F1CADA481B6 /* CDVWKProcessPoolFactory.m */; };
		AF1B985C49184FAB8069008B /* CustomPSPDFThreadSafeMutableDictionary.m in Sources */ = {isa = PBXBuildFile; fileRef = 2639F7CC78CD4B418F2D735E /* CustomPSPDFThreadSafeMutableDictionary.m */; settings = {COMPILER_FLAGS = "-w"; }; };
		BE00BFD62986465DA09E38BF /* pl.lproj in Resources */ = {isa = PBXBuildFile; fileRef = 4633A7267C4F45A1A0FFB3E8 /* pl.lproj */; };
		BF1E788F86184032A56C7C78 /* FeHourGlass.m in Sources */ = {isa = PBXBuildFile; fileRef = 3497808A439C41759F946BEB /* FeHourGlass.m */; };
		C6445A94C9D84985BD99C89B /* GMVideoIcon@2x.png in Resources */ = {isa = PBXBuildFile; fileRef = E90A5EEEF64541659FE2B1C4 /* GMVideoIcon@2x.png */; };
		C693069E9C4D42B79FDE569A /* libz.tbd in Frameworks */ = {isa = PBXBuildFile; fileRef = 66A0B6D06BC041D4AE0209A5 /* libz.tbd */; settings = {ATTRIBUTES = (Weak, ); }; };
		C8B673BDD77545669C11DE0C /* CoreText.framework in Frameworks */ = {isa = PBXBuildFile; fileRef = 396A692033134639A38510B7 /* CoreText.framework */; settings = {ATTRIBUTES = (Weak, ); }; };
		C93456B0E571483FB6294388 /* GooglePlus.m in Sources */ = {isa = PBXBuildFile; fileRef = 31A7ED30418C44189B21BE69 /* GooglePlus.m */; };
		CD7CD2F9AA4C49E5A5B4692F /* FacebookConnectPlugin.m in Sources */ = {isa = PBXBuildFile; fileRef = 6367874E21864392A73C31CA /* FacebookConnectPlugin.m */; };
		CEFD1930066146B1F2E23F9B /* Pods_Jarasim.framework in Frameworks */ = {isa = PBXBuildFile; fileRef = 5429CBB13D88F5C136F3244A /* Pods_Jarasim.framework */; };
		CF888E9AE979406FB6B70082 /* CDVDevice.m in Sources */ = {isa = PBXBuildFile; fileRef = F2F9CEC025CA45E6ACB618B2 /* CDVDevice.m */; };
		CFC2D434E64F476AA91A2E93 /* SM_AFHTTPSessionManager.m in Sources */ = {isa = PBXBuildFile; fileRef = 2EB5E1ACD1ED4460B2723FBB /* SM_AFHTTPSessionManager.m */; };
		D037A10F7DD14A2A87810DF8 /* CDVLocalFilesystem.m in Sources */ = {isa = PBXBuildFile; fileRef = DEEDAE9D8BF14B1FB7042965 /* CDVLocalFilesystem.m */; };
		D0B57A9DFF7740DDAA20AC93 /* GMAlbumsViewCell.m in Sources */ = {isa = PBXBuildFile; fileRef = 9835971E4E9849808EE4C409 /* GMAlbumsViewCell.m */; };
		D38869488C7E4BFAB3C3E7A7 /* zh-Hans.lproj in Resources */ = {isa = PBXBuildFile; fileRef = EEDFF63BFAFE4FA38FE08976 /* zh-Hans.lproj */; };
		D48CEA4312164AD29663307A /* Photos.framework in Frameworks */ = {isa = PBXBuildFile; fileRef = F0CAD9C36B304D2FA0DCA3B7 /* Photos.framework */; };
		D6EF6DBD96CD41FAAC36F2CD /* SM_AFSecurityPolicy.m in Sources */ = {isa = PBXBuildFile; fileRef = 620BA79F61EE42209ECCE8B5 /* SM_AFSecurityPolicy.m */; };
		D76C50EF73704DE9B20BD907 /* AVFoundation.framework in Frameworks */ = {isa = PBXBuildFile; fileRef = 09918BA08F8246C7BD486C1B /* AVFoundation.framework */; };
		E129A0EA76904A2E82FF783E /* sqlite3.c in Sources */ = {isa = PBXBuildFile; fileRef = 1188DAE6F48C48E1A8A24A45 /* sqlite3.c */; settings = {COMPILER_FLAGS = "-w -DSQLITE_THREADSAFE=1 -DSQLITE_DEFAULT_SYNCHRONOUS=3 -DSQLITE_DEFAULT_MEMSTATUS=0 -DSQLITE_OMIT_DECLTYPE -DSQLITE_OMIT_DEPRECATED -DSQLITE_OMIT_PROGRESS_CALLBACK -DSQLITE_OMIT_SHARED_CACHE -DSQLITE_TEMP_STORE=2 -DSQLITE_OMIT_LOAD_EXTENSION -DSQLITE_ENABLE_FTS3 -DSQLITE_ENABLE_FTS3_PARENTHESIS -DSQLITE_ENABLE_FTS4 -DSQLITE_ENABLE_RTREE -DSQLITE_DEFAULT_PAGE_SIZE=4096"; }; };
		E4F072024562413AA7C9B70E /* it.lproj in Resources */ = {isa = PBXBuildFile; fileRef = 1115ACD72EF64FC3A83E95C2 /* it.lproj */; };
		E7B46F157B6F4FE6B01E88AB /* PEPhotoCropEditor.bundle in Resources */ = {isa = PBXBuildFile; fileRef = FA58FE48A3B4413387CE9F44 /* PEPhotoCropEditor.bundle */; };
		E89D03F84154485592949681 /* QuartzCore.framework in Frameworks */ = {isa = PBXBuildFile; fileRef = 24FF73EC7E1B4961B98767D8 /* QuartzCore.framework */; };
		EB8251128532448DAC549674 /* CDVFileTransfer.m in Sources */ = {isa = PBXBuildFile; fileRef = 5914B9567BF447C894921898 /* CDVFileTransfer.m */; };
		EC2D980B0D2B4B06AE0A5D89 /* AudioToolbox.framework in Frameworks */ = {isa = PBXBuildFile; fileRef = 8A98652C00FC4F3396A8F5CD /* AudioToolbox.framework */; settings = {ATTRIBUTES = (Weak, ); }; };
		EEE57311E27B4FAA989A3A6E /* en.lproj in Resources */ = {isa = PBXBuildFile; fileRef = CE942833727341E297D27E9D /* en.lproj */; };
		EF9DFCC1BAC944C1B33343F1 /* NativeStorage.m in Sources */ = {isa = PBXBuildFile; fileRef = B7274A9EE79146F49E72A189 /* NativeStorage.m */; };
		F80CE56D50CE42E2A476BBFD /* CDVNotification.m in Sources */ = {isa = PBXBuildFile; fileRef = 77DEE76C03824BB4A95D8F62 /* CDVNotification.m */; };
/* End PBXBuildFile section */

/* Begin PBXContainerItemProxy section */
		301BF534109A57CC0062928A /* PBXContainerItemProxy */ = {
			isa = PBXContainerItemProxy;
			containerPortal = 301BF52D109A57CC0062928A /* CordovaLib.xcodeproj */;
			proxyType = 2;
			remoteGlobalIDString = D2AAC07E0554694100DB518D;
			remoteInfo = CordovaLib;
		};
		301BF550109A68C00062928A /* PBXContainerItemProxy */ = {
			isa = PBXContainerItemProxy;
			containerPortal = 301BF52D109A57CC0062928A /* CordovaLib.xcodeproj */;
			proxyType = 1;
			remoteGlobalIDString = D2AAC07D0554694100DB518D;
			remoteInfo = CordovaLib;
		};
		907D8123214C687600058A10 /* PBXContainerItemProxy */ = {
			isa = PBXContainerItemProxy;
			containerPortal = 301BF52D109A57CC0062928A /* CordovaLib.xcodeproj */;
			proxyType = 2;
			remoteGlobalIDString = C0C01EB21E3911D50056E6CB;
			remoteInfo = Cordova;
		};
/* End PBXContainerItemProxy section */

/* Begin PBXFileReference section */
		0081F5FDC3064190B8BE46E6 /* SOSPicker.m */ = {isa = PBXFileReference; explicitFileType = undefined; fileEncoding = 4; includeInIndex = 0; lastKnownFileType = sourcecode.c.objc; name = SOSPicker.m; path = "cordova-plugin-telerik-imagepicker/SOSPicker.m"; sourceTree = "<group>"; };
		0207DA571B56EA530066E2B4 /* Images.xcassets */ = {isa = PBXFileReference; lastKnownFileType = folder.assetcatalog; name = Images.xcassets; path = Jarasim/Images.xcassets; sourceTree = SOURCE_ROOT; };
		0758F80FD0C24D839D63868E /* BinaryResponseSerializer.h */ = {isa = PBXFileReference; explicitFileType = undefined; fileEncoding = 4; includeInIndex = 0; lastKnownFileType = sourcecode.c.h; name = BinaryResponseSerializer.h; path = "cordova-plugin-advanced-http/BinaryResponseSerializer.h"; sourceTree = "<group>"; };
		08F1A1769DD24D29817873B5 /* SQLitePlugin.h */ = {isa = PBXFileReference; explicitFileType = undefined; fileEncoding = 4; includeInIndex = 0; lastKnownFileType = sourcecode.c.h; name = SQLitePlugin.h; path = "cordova-sqlite-storage/SQLitePlugin.h"; sourceTree = "<group>"; };
		09918BA08F8246C7BD486C1B /* AVFoundation.framework */ = {isa = PBXFileReference; explicitFileType = undefined; fileEncoding = 9; includeInIndex = 0; lastKnownFileType = wrapper.framework; name = AVFoundation.framework; path = System/Library/Frameworks/AVFoundation.framework; sourceTree = SDKROOT; };
		0A12A26311E642E6AA636BF6 /* PECropRectView.m */ = {isa = PBXFileReference; explicitFileType = undefined; fileEncoding = 4; includeInIndex = 0; lastKnownFileType = sourcecode.c.objc; name = PECropRectView.m; path = "cordova-plugin-crop/PECropRectView.m"; sourceTree = "<group>"; };
		0ADCF07309E64F4FBBAB69BA /* sqlite3.h */ = {isa = PBXFileReference; explicitFileType = undefined; fileEncoding = 4; includeInIndex = 0; lastKnownFileType = sourcecode.c.h; name = sqlite3.h; path = "cordova-sqlite-storage/sqlite3.h"; sourceTree = "<group>"; };
		0E4DC564A20344C0B35C9644 /* CDVWKProcessPoolFactory.h */ = {isa = PBXFileReference; explicitFileType = undefined; fileEncoding = 4; includeInIndex = 0; lastKnownFileType = sourcecode.c.h; name = CDVWKProcessPoolFactory.h; path = "cordova-plugin-ionic-webview/CDVWKProcessPoolFactory.h"; sourceTree = "<group>"; };
		106C4B8DE2AA411EBB2345EB /* CDVInAppBrowserOptions.h */ = {isa = PBXFileReference; explicitFileType = undefined; fileEncoding = 4; includeInIndex = 0; lastKnownFileType = sourcecode.c.h; name = CDVInAppBrowserOptions.h; path = "cordova-plugin-inappbrowser/CDVInAppBrowserOptions.h"; sourceTree = "<group>"; };
		1115ACD72EF64FC3A83E95C2 /* it.lproj */ = {isa = PBXFileReference; explicitFileType = undefined; fileEncoding = 9; includeInIndex = 0; lastKnownFileType = unknown; path = it.lproj; sourceTree = "<group>"; };
		1119AE7841A74CA6BDBBB4E9 /* FeHourGlass.h */ = {isa = PBXFileReference; explicitFileType = undefined; fileEncoding = 4; includeInIndex = 0; lastKnownFileType = sourcecode.c.h; name = FeHourGlass.h; path = "cordova-plugin-telerik-imagepicker/FeHourGlass.h"; sourceTree = "<group>"; };
		111A81FCFA5E4C17BF7AC5EE /* RequestLocationAccuracy.h */ = {isa = PBXFileReference; explicitFileType = undefined; fileEncoding = 4; includeInIndex = 0; lastKnownFileType = sourcecode.c.h; name = RequestLocationAccuracy.h; path = "cordova-plugin-request-location-accuracy/RequestLocationAccuracy.h"; sourceTree = "<group>"; };
		111F900661394D1BA65AC845 /* SDNetworkActivityIndicator.h */ = {isa = PBXFileReference; explicitFileType = undefined; fileEncoding = 4; includeInIndex = 0; lastKnownFileType = sourcecode.c.h; name = SDNetworkActivityIndicator.h; path = "cordova-plugin-advanced-http/SDNetworkActivityIndicator.h"; sourceTree = "<group>"; };
		1188DAE6F48C48E1A8A24A45 /* sqlite3.c */ = {isa = PBXFileReference; explicitFileType = undefined; fileEncoding = 9; includeInIndex = 0; lastKnownFileType = unknown; name = sqlite3.c; path = "cordova-sqlite-storage/sqlite3.c"; sourceTree = "<group>"; };
		14FCA1A1D5A64536A5172EC4 /* pt.lproj */ = {isa = PBXFileReference; explicitFileType = undefined; fileEncoding = 9; includeInIndex = 0; lastKnownFileType = unknown; path = pt.lproj; sourceTree = "<group>"; };
		170671F3AC454EA8A96F459C /* CDVInAppBrowserOptions.m */ = {isa = PBXFileReference; explicitFileType = undefined; fileEncoding = 4; includeInIndex = 0; lastKnownFileType = sourcecode.c.objc; name = CDVInAppBrowserOptions.m; path = "cordova-plugin-inappbrowser/CDVInAppBrowserOptions.m"; sourceTree = "<group>"; };
		1AE37BF864D0450CA5934AA8 /* APPEmailComposer.m */ = {isa = PBXFileReference; explicitFileType = undefined; fileEncoding = 4; includeInIndex = 0; lastKnownFileType = sourcecode.c.objc; name = APPEmailComposer.m; path = "cordova-plugin-email-composer/APPEmailComposer.m"; sourceTree = "<group>"; };
		1BFE3552D6AD4379AC6270B3 /* PECropViewController.m */ = {isa = PBXFileReference; explicitFileType = undefined; fileEncoding = 4; includeInIndex = 0; lastKnownFileType = sourcecode.c.objc; name = PECropViewController.m; path = "cordova-plugin-crop/PECropViewController.m"; sourceTree = "<group>"; };
		1CB222ADAFA341BABC1D43D0 /* APPEmailComposerImpl.m */ = {isa = PBXFileReference; explicitFileType = undefined; fileEncoding = 4; includeInIndex = 0; lastKnownFileType = sourcecode.c.objc; name = APPEmailComposerImpl.m; path = "cordova-plugin-email-composer/APPEmailComposerImpl.m"; sourceTree = "<group>"; };
		1D3623240D0F684500981E51 /* AppDelegate.h */ = {isa = PBXFileReference; fileEncoding = 4; lastKnownFileType = sourcecode.c.h; path = AppDelegate.h; sourceTree = "<group>"; };
		1D3623250D0F684500981E51 /* AppDelegate.m */ = {isa = PBXFileReference; fileEncoding = 4; lastKnownFileType = sourcecode.c.objc; path = AppDelegate.m; sourceTree = "<group>"; };
		1D505B3EB5434EAAB4687DDE /* BinaryRequestSerializer.m */ = {isa = PBXFileReference; explicitFileType = undefined; fileEncoding = 4; includeInIndex = 0; lastKnownFileType = sourcecode.c.objc; name = BinaryRequestSerializer.m; path = "cordova-plugin-advanced-http/BinaryRequestSerializer.m"; sourceTree = "<group>"; };
		1D6058910D05DD3D006BFB54 /* Jarasim.app */ = {isa = PBXFileReference; explicitFileType = wrapper.application; includeInIndex = 0; path = Jarasim.app; sourceTree = BUILT_PRODUCTS_DIR; };
		1E338BEEDFF74BA2B8E5117F /* APPEmailComposer.h */ = {isa = PBXFileReference; explicitFileType = undefined; fileEncoding = 4; includeInIndex = 0; lastKnownFileType = sourcecode.c.h; name = APPEmailComposer.h; path = "cordova-plugin-email-composer/APPEmailComposer.h"; sourceTree = "<group>"; };
		213FD96C01D9477D836D8702 /* es.lproj */ = {isa = PBXFileReference; explicitFileType = undefined; fileEncoding = 9; includeInIndex = 0; lastKnownFileType = unknown; path = es.lproj; sourceTree = "<group>"; };
		22AD8C3994224F368DD95F8A /* CTCrop.m */ = {isa = PBXFileReference; explicitFileType = undefined; fileEncoding = 4; includeInIndex = 0; lastKnownFileType = sourcecode.c.objc; name = CTCrop.m; path = "cordova-plugin-crop/CTCrop.m"; sourceTree = "<group>"; };
		236C43E87D40444785318845 /* GMPHAsset.m */ = {isa = PBXFileReference; explicitFileType = undefined; fileEncoding = 4; includeInIndex = 0; lastKnownFileType = sourcecode.c.objc; name = GMPHAsset.m; path = "cordova-plugin-telerik-imagepicker/GMPHAsset.m"; sourceTree = "<group>"; };
		23D338CF234240D5A36B023A /* PECropViewController.h */ = {isa = PBXFileReference; explicitFileType = undefined; fileEncoding = 4; includeInIndex = 0; lastKnownFileType = sourcecode.c.h; name = PECropViewController.h; path = "cordova-plugin-crop/PECropViewController.h"; sourceTree = "<group>"; };
		24FF73EC7E1B4961B98767D8 /* QuartzCore.framework */ = {isa = PBXFileReference; explicitFileType = undefined; fileEncoding = 9; includeInIndex = 0; lastKnownFileType = wrapper.framework; name = QuartzCore.framework; path = System/Library/Frameworks/QuartzCore.framework; sourceTree = SDKROOT; };
		2639F7CC78CD4B418F2D735E /* CustomPSPDFThreadSafeMutableDictionary.m */ = {isa = PBXFileReference; explicitFileType = undefined; fileEncoding = 4; includeInIndex = 0; lastKnownFileType = sourcecode.c.objc; name = CustomPSPDFThreadSafeMutableDictionary.m; path = "cordova-sqlite-storage/CustomPSPDFThreadSafeMutableDictionary.m"; sourceTree = "<group>"; };
		27883ED2AA5D4A9184FD37E3 /* IONAssetHandler.m */ = {isa = PBXFileReference; explicitFileType = undefined; fileEncoding = 4; includeInIndex = 0; lastKnownFileType = sourcecode.c.objc; name = IONAssetHandler.m; path = "cordova-plugin-ionic-webview/IONAssetHandler.m"; sourceTree = "<group>"; };
		29B97316FDCFA39411CA2CEA /* main.m */ = {isa = PBXFileReference; fileEncoding = 4; lastKnownFileType = sourcecode.c.objc; path = main.m; sourceTree = "<group>"; };
		2A3D38D888D74BD6B3F2F2C6 /* SOSPicker.h */ = {isa = PBXFileReference; explicitFileType = undefined; fileEncoding = 4; includeInIndex = 0; lastKnownFileType = sourcecode.c.h; name = SOSPicker.h; path = "cordova-plugin-telerik-imagepicker/SOSPicker.h"; sourceTree = "<group>"; };
		2A70E7B10A00473899797769 /* CDVWKWebViewEngine.m */ = {isa = PBXFileReference; explicitFileType = undefined; fileEncoding = 4; includeInIndex = 0; lastKnownFileType = sourcecode.c.objc; name = CDVWKWebViewEngine.m; path = "cordova-plugin-ionic-webview/CDVWKWebViewEngine.m"; sourceTree = "<group>"; };
		2BB44BBCE4A54613BA180774 /* TextResponseSerializer.h */ = {isa = PBXFileReference; explicitFileType = undefined; fileEncoding = 4; includeInIndex = 0; lastKnownFileType = sourcecode.c.h; name = TextResponseSerializer.h; path = "cordova-plugin-advanced-http/TextResponseSerializer.h"; sourceTree = "<group>"; };
		2D0A92ACDB954E2495305D44 /* IONAssetHandler.h */ = {isa = PBXFileReference; explicitFileType = undefined; fileEncoding = 4; includeInIndex = 0; lastKnownFileType = sourcecode.c.h; name = IONAssetHandler.h; path = "cordova-plugin-ionic-webview/IONAssetHandler.h"; sourceTree = "<group>"; };
		2D0EC4FE2C8749B1BB0E07A9 /* GMGridViewController.h */ = {isa = PBXFileReference; explicitFileType = undefined; fileEncoding = 4; includeInIndex = 0; lastKnownFileType = sourcecode.c.h; name = GMGridViewController.h; path = "cordova-plugin-telerik-imagepicker/GMGridViewController.h"; sourceTree = "<group>"; };
		2EB5E1ACD1ED4460B2723FBB /* SM_AFHTTPSessionManager.m */ = {isa = PBXFileReference; explicitFileType = undefined; fileEncoding = 4; includeInIndex = 0; lastKnownFileType = sourcecode.c.objc; name = SM_AFHTTPSessionManager.m; path = "cordova-plugin-advanced-http/SM_AFHTTPSessionManager.m"; sourceTree = "<group>"; };
		301BF52D109A57CC0062928A /* CordovaLib.xcodeproj */ = {isa = PBXFileReference; lastKnownFileType = "wrapper.pb-project"; name = CordovaLib.xcodeproj; path = CordovaLib/CordovaLib.xcodeproj; sourceTree = "<group>"; };
		301BF56E109A69640062928A /* www */ = {isa = PBXFileReference; lastKnownFileType = folder; path = www; sourceTree = SOURCE_ROOT; };
		302D95EE14D2391D003F00A1 /* MainViewController.h */ = {isa = PBXFileReference; fileEncoding = 4; lastKnownFileType = sourcecode.c.h; path = MainViewController.h; sourceTree = "<group>"; };
		302D95EF14D2391D003F00A1 /* MainViewController.m */ = {isa = PBXFileReference; fileEncoding = 4; lastKnownFileType = sourcecode.c.objc; path = MainViewController.m; sourceTree = "<group>"; };
		302D95F014D2391D003F00A1 /* MainViewController.xib */ = {isa = PBXFileReference; fileEncoding = 4; lastKnownFileType = file.xib; path = MainViewController.xib; sourceTree = "<group>"; };
		3047A50F1AB8059700498E2A /* build-debug.xcconfig */ = {isa = PBXFileReference; fileEncoding = 4; lastKnownFileType = text.xcconfig; name = "build-debug.xcconfig"; path = "cordova/build-debug.xcconfig"; sourceTree = SOURCE_ROOT; };
		3047A5101AB8059700498E2A /* build-release.xcconfig */ = {isa = PBXFileReference; fileEncoding = 4; lastKnownFileType = text.xcconfig; name = "build-release.xcconfig"; path = "cordova/build-release.xcconfig"; sourceTree = SOURCE_ROOT; };
		3047A5111AB8059700498E2A /* build.xcconfig */ = {isa = PBXFileReference; fileEncoding = 4; lastKnownFileType = text.xcconfig; name = build.xcconfig; path = cordova/build.xcconfig; sourceTree = SOURCE_ROOT; };
		316C0868D8934E36A7138D71 /* PECropView.m */ = {isa = PBXFileReference; explicitFileType = undefined; fileEncoding = 4; includeInIndex = 0; lastKnownFileType = sourcecode.c.objc; name = PECropView.m; path = "cordova-plugin-crop/PECropView.m"; sourceTree = "<group>"; };
		31A7ED30418C44189B21BE69 /* GooglePlus.m */ = {isa = PBXFileReference; explicitFileType = undefined; fileEncoding = 4; includeInIndex = 0; lastKnownFileType = sourcecode.c.objc; name = GooglePlus.m; path = "cordova-plugin-googleplus/GooglePlus.m"; sourceTree = "<group>"; };
		31D844D1CAE349108001C20A /* CDVWKWebViewUIDelegate.m */ = {isa = PBXFileReference; explicitFileType = undefined; fileEncoding = 4; includeInIndex = 0; lastKnownFileType = sourcecode.c.objc; name = CDVWKWebViewUIDelegate.m; path = "cordova-plugin-ionic-webview/CDVWKWebViewUIDelegate.m"; sourceTree = "<group>"; };
		32CA4F630368D1EE00C91783 /* Jarasim-Prefix.pch */ = {isa = PBXFileReference; fileEncoding = 4; lastKnownFileType = sourcecode.c.h; path = "Jarasim-Prefix.pch"; sourceTree = "<group>"; };
		3497808A439C41759F946BEB /* FeHourGlass.m */ = {isa = PBXFileReference; explicitFileType = undefined; fileEncoding = 4; includeInIndex = 0; lastKnownFileType = sourcecode.c.objc; name = FeHourGlass.m; path = "cordova-plugin-telerik-imagepicker/FeHourGlass.m"; sourceTree = "<group>"; };
		35C86DAD986B4AE4803A9CFD /* GMPHAsset.h */ = {isa = PBXFileReference; explicitFileType = undefined; fileEncoding = 4; includeInIndex = 0; lastKnownFileType = sourcecode.c.h; name = GMPHAsset.h; path = "cordova-plugin-telerik-imagepicker/GMPHAsset.h"; sourceTree = "<group>"; };
		36FF2040FC7E4F6BBE187CB6 /* CDVFileTransfer.h */ = {isa = PBXFileReference; explicitFileType = undefined; fileEncoding = 4; includeInIndex = 0; lastKnownFileType = sourcecode.c.h; name = CDVFileTransfer.h; path = "cordova-plugin-file-transfer/CDVFileTransfer.h"; sourceTree = "<group>"; };
		37EF44A82D254296B432F605 /* NativeGeocoder.swift */ = {isa = PBXFileReference; explicitFileType = undefined; fileEncoding = 4; includeInIndex = 0; lastKnownFileType = sourcecode.swift; name = NativeGeocoder.swift; path = "cordova-plugin-nativegeocoder/NativeGeocoder.swift"; sourceTree = "<group>"; };
		3827156F8C9945169F939703 /* RequestLocationAccuracy.m */ = {isa = PBXFileReference; explicitFileType = undefined; fileEncoding = 4; includeInIndex = 0; lastKnownFileType = sourcecode.c.objc; name = RequestLocationAccuracy.m; path = "cordova-plugin-request-location-accuracy/RequestLocationAccuracy.m"; sourceTree = "<group>"; };
		3897F87ACC454E98A5199BC6 /* GMAlbumsViewCell.h */ = {isa = PBXFileReference; explicitFileType = undefined; fileEncoding = 4; includeInIndex = 0; lastKnownFileType = sourcecode.c.h; name = GMAlbumsViewCell.h; path = "cordova-plugin-telerik-imagepicker/GMAlbumsViewCell.h"; sourceTree = "<group>"; };
		396A692033134639A38510B7 /* CoreText.framework */ = {isa = PBXFileReference; explicitFileType = undefined; fileEncoding = 9; includeInIndex = 0; lastKnownFileType = wrapper.framework; name = CoreText.framework; path = System/Library/Frameworks/CoreText.framework; sourceTree = SDKROOT; };
		3EE20A12E52340128F31EBA3 /* CDVFile.m */ = {isa = PBXFileReference; explicitFileType = undefined; fileEncoding = 4; includeInIndex = 0; lastKnownFileType = sourcecode.c.objc; name = CDVFile.m; path = "cordova-plugin-file/CDVFile.m"; sourceTree = "<group>"; };
		3F0A07A85DD3408CB8980575 /* SM_AFURLResponseSerialization.h */ = {isa = PBXFileReference; explicitFileType = undefined; fileEncoding = 4; includeInIndex = 0; lastKnownFileType = sourcecode.c.h; name = SM_AFURLResponseSerialization.h; path = "cordova-plugin-advanced-http/SM_AFURLResponseSerialization.h"; sourceTree = "<group>"; };
		3F68A8134F4C4AA8AC9D5BFB /* CDVAssetLibraryFilesystem.m */ = {isa = PBXFileReference; explicitFileType = undefined; fileEncoding = 4; includeInIndex = 0; lastKnownFileType = sourcecode.c.objc; name = CDVAssetLibraryFilesystem.m; path = "cordova-plugin-file/CDVAssetLibraryFilesystem.m"; sourceTree = "<group>"; };
		3F9B599489A64E46B2C49086 /* CordovaHttpPlugin.h */ = {isa = PBXFileReference; explicitFileType = undefined; fileEncoding = 4; includeInIndex = 0; lastKnownFileType = sourcecode.c.h; name = CordovaHttpPlugin.h; path = "cordova-plugin-advanced-http/CordovaHttpPlugin.h"; sourceTree = "<group>"; };
		41A173F92B1047AF8ACAA4B0 /* GMVideoIcon.png */ = {isa = PBXFileReference; explicitFileType = undefined; fileEncoding = 9; includeInIndex = 0; lastKnownFileType = unknown; path = GMVideoIcon.png; sourceTree = "<group>"; };
		4633A7267C4F45A1A0FFB3E8 /* pl.lproj */ = {isa = PBXFileReference; explicitFileType = undefined; fileEncoding = 9; includeInIndex = 0; lastKnownFileType = unknown; path = pl.lproj; sourceTree = "<group>"; };
		48DEF0406F164EC49C9E9E40 /* GMEmptyFolder@1x.png */ = {isa = PBXFileReference; explicitFileType = undefined; fileEncoding = 9; includeInIndex = 0; lastKnownFileType = unknown; path = "GMEmptyFolder@1x.png"; sourceTree = "<group>"; };
		4A6252087DFF4CF589E0F5CD /* BinaryResponseSerializer.m */ = {isa = PBXFileReference; explicitFileType = undefined; fileEncoding = 4; includeInIndex = 0; lastKnownFileType = sourcecode.c.objc; name = BinaryResponseSerializer.m; path = "cordova-plugin-advanced-http/BinaryResponseSerializer.m"; sourceTree = "<group>"; };
		4BC8884AE9E544A199D5D997 /* CDVWKInAppBrowser.m */ = {isa = PBXFileReference; explicitFileType = undefined; fileEncoding = 4; includeInIndex = 0; lastKnownFileType = sourcecode.c.objc; name = CDVWKInAppBrowser.m; path = "cordova-plugin-inappbrowser/CDVWKInAppBrowser.m"; sourceTree = "<group>"; };
		4D09B4ABD5BE4DEC9D0C0950 /* SDNetworkActivityIndicator.m */ = {isa = PBXFileReference; explicitFileType = undefined; fileEncoding = 4; includeInIndex = 0; lastKnownFileType = sourcecode.c.objc; name = SDNetworkActivityIndicator.m; path = "cordova-plugin-advanced-http/SDNetworkActivityIndicator.m"; sourceTree = "<group>"; };
		4DF3C88B671944ACB7ECC189 /* NSString+SSURLEncoding.h */ = {isa = PBXFileReference; explicitFileType = undefined; fileEncoding = 4; includeInIndex = 0; lastKnownFileType = sourcecode.c.h; name = "NSString+SSURLEncoding.h"; path = "cordova-plugin-x-socialsharing/NSString+SSURLEncoding.h"; sourceTree = "<group>"; };
		50FE254A06B342BFB6BDF29B /* CDVLocalFilesystem.h */ = {isa = PBXFileReference; explicitFileType = undefined; fileEncoding = 4; includeInIndex = 0; lastKnownFileType = sourcecode.c.h; name = CDVLocalFilesystem.h; path = "cordova-plugin-file/CDVLocalFilesystem.h"; sourceTree = "<group>"; };
		5429CBB13D88F5C136F3244A /* Pods_Jarasim.framework */ = {isa = PBXFileReference; explicitFileType = wrapper.framework; includeInIndex = 0; path = Pods_Jarasim.framework; sourceTree = BUILT_PRODUCTS_DIR; };
		5914B9567BF447C894921898 /* CDVFileTransfer.m */ = {isa = PBXFileReference; explicitFileType = undefined; fileEncoding = 4; includeInIndex = 0; lastKnownFileType = sourcecode.c.objc; name = CDVFileTransfer.m; path = "cordova-plugin-file-transfer/CDVFileTransfer.m"; sourceTree = "<group>"; };
		599BA496C4A8DFE05EA690A2 /* Pods-Jarasim.release.xcconfig */ = {isa = PBXFileReference; includeInIndex = 1; lastKnownFileType = text.xcconfig; name = "Pods-Jarasim.release.xcconfig"; path = "Target Support Files/Pods-Jarasim/Pods-Jarasim.release.xcconfig"; sourceTree = "<group>"; };
		5AD507BC64C34B5A930E5B54 /* SQLitePlugin.m */ = {isa = PBXFileReference; explicitFileType = undefined; fileEncoding = 4; includeInIndex = 0; lastKnownFileType = sourcecode.c.objc; name = SQLitePlugin.m; path = "cordova-sqlite-storage/SQLitePlugin.m"; sourceTree = "<group>"; };
		5BF2D29C498D43BBA7A7DD66 /* SM_AFURLSessionManager.m */ = {isa = PBXFileReference; explicitFileType = undefined; fileEncoding = 4; includeInIndex = 0; lastKnownFileType = sourcecode.c.objc; name = SM_AFURLSessionManager.m; path = "cordova-plugin-advanced-http/SM_AFURLSessionManager.m"; sourceTree = "<group>"; };
		5DC3E12974A74A06901BEDFD /* PSYBlockTimer.h */ = {isa = PBXFileReference; explicitFileType = undefined; fileEncoding = 4; includeInIndex = 0; lastKnownFileType = sourcecode.c.h; name = PSYBlockTimer.h; path = "cordova-plugin-telerik-imagepicker/PSYBlockTimer.h"; sourceTree = "<group>"; };
		620BA79F61EE42209ECCE8B5 /* SM_AFSecurityPolicy.m */ = {isa = PBXFileReference; explicitFileType = undefined; fileEncoding = 4; includeInIndex = 0; lastKnownFileType = sourcecode.c.objc; name = SM_AFSecurityPolicy.m; path = "cordova-plugin-advanced-http/SM_AFSecurityPolicy.m"; sourceTree = "<group>"; };
		6367874E21864392A73C31CA /* FacebookConnectPlugin.m */ = {isa = PBXFileReference; explicitFileType = undefined; fileEncoding = 4; includeInIndex = 0; lastKnownFileType = sourcecode.c.objc; name = FacebookConnectPlugin.m; path = "cordova-plugin-facebook4/FacebookConnectPlugin.m"; sourceTree = "<group>"; };
		64B5E94F3DD94F2980908DC7 /* CDVNotification.bundle */ = {isa = PBXFileReference; explicitFileType = undefined; fileEncoding = 9; includeInIndex = 0; lastKnownFileType = "wrapper.plug-in"; path = CDVNotification.bundle; sourceTree = "<group>"; };
		64BE06DBCD6A485BA8C588AB /* SM_AFURLResponseSerialization.m */ = {isa = PBXFileReference; explicitFileType = undefined; fileEncoding = 4; includeInIndex = 0; lastKnownFileType = sourcecode.c.objc; name = SM_AFURLResponseSerialization.m; path = "cordova-plugin-advanced-http/SM_AFURLResponseSerialization.m"; sourceTree = "<group>"; };
		657A6414AAD7473991A50D39 /* Social.framework */ = {isa = PBXFileReference; explicitFileType = undefined; fileEncoding = 9; includeInIndex = 0; lastKnownFileType = wrapper.framework; name = Social.framework; path = System/Library/Frameworks/Social.framework; sourceTree = SDKROOT; };
		65D6E48879ED4CE0975CE4CC /* CDVIonicKeyboard.h */ = {isa = PBXFileReference; explicitFileType = undefined; fileEncoding = 4; includeInIndex = 0; lastKnownFileType = sourcecode.c.h; name = CDVIonicKeyboard.h; path = "cordova-plugin-ionic-keyboard/CDVIonicKeyboard.h"; sourceTree = "<group>"; };
		66A0B6D06BC041D4AE0209A5 /* libz.tbd */ = {isa = PBXFileReference; explicitFileType = undefined; fileEncoding = 9; includeInIndex = 0; lastKnownFileType = "sourcecode.text-based-dylib-definition"; name = libz.tbd; path = usr/lib/libz.tbd; sourceTree = SDKROOT; };
		67E37BEE432A4D41B0F82183 /* PSYBlockTimer.m */ = {isa = PBXFileReference; explicitFileType = undefined; fileEncoding = 4; includeInIndex = 0; lastKnownFileType = sourcecode.c.objc; name = PSYBlockTimer.m; path = "cordova-plugin-telerik-imagepicker/PSYBlockTimer.m"; sourceTree = "<group>"; };
		68E9875AEE054E178EF9D2BE /* fr.lproj */ = {isa = PBXFileReference; explicitFileType = undefined; fileEncoding = 9; includeInIndex = 0; lastKnownFileType = unknown; path = fr.lproj; sourceTree = "<group>"; };
		6A56904A3CB94E49922D8455 /* CordovaHttpPlugin.m */ = {isa = PBXFileReference; explicitFileType = undefined; fileEncoding = 4; includeInIndex = 0; lastKnownFileType = sourcecode.c.objc; name = CordovaHttpPlugin.m; path = "cordova-plugin-advanced-http/CordovaHttpPlugin.m"; sourceTree = "<group>"; };
		6AFF5BF81D6E424B00AB3073 /* CDVLaunchScreen.storyboard */ = {isa = PBXFileReference; fileEncoding = 4; lastKnownFileType = file.storyboard; name = CDVLaunchScreen.storyboard; path = Jarasim/CDVLaunchScreen.storyboard; sourceTree = SOURCE_ROOT; };
		6CA091E1F8B84CB2A597268A /* PECropView.h */ = {isa = PBXFileReference; explicitFileType = undefined; fileEncoding = 4; includeInIndex = 0; lastKnownFileType = sourcecode.c.h; name = PECropView.h; path = "cordova-plugin-crop/PECropView.h"; sourceTree = "<group>"; };
		6E61127AB6F04C2389B90C56 /* Accelerate.framework */ = {isa = PBXFileReference; explicitFileType = undefined; fileEncoding = 9; includeInIndex = 0; lastKnownFileType = wrapper.framework; name = Accelerate.framework; path = System/Library/Frameworks/Accelerate.framework; sourceTree = SDKROOT; };
		6F2C1AE27E3B4764A886469A /* CDVWKWebViewUIDelegate.h */ = {isa = PBXFileReference; explicitFileType = undefined; fileEncoding = 4; includeInIndex = 0; lastKnownFileType = sourcecode.c.h; name = CDVWKWebViewUIDelegate.h; path = "cordova-plugin-ionic-webview/CDVWKWebViewUIDelegate.h"; sourceTree = "<group>"; };
		6F74E8289412463B932F12D4 /* GMSelected@2x.png */ = {isa = PBXFileReference; explicitFileType = undefined; fileEncoding = 9; includeInIndex = 0; lastKnownFileType = unknown; path = "GMSelected@2x.png"; sourceTree = "<group>"; };
		6F944F9BDAE546D3B0B8C2E3 /* GMSelected.png */ = {isa = PBXFileReference; explicitFileType = undefined; fileEncoding = 9; includeInIndex = 0; lastKnownFileType = unknown; path = GMSelected.png; sourceTree = "<group>"; };
		6FC591F880494F329DA491B7 /* UIImage+fixOrientation.h */ = {isa = PBXFileReference; explicitFileType = undefined; fileEncoding = 4; includeInIndex = 0; lastKnownFileType = sourcecode.c.h; name = "UIImage+fixOrientation.h"; path = "cordova-plugin-telerik-imagepicker/UIImage+fixOrientation.h"; sourceTree = "<group>"; };
		74F22B538F2D418A893FFACD /* SM_AFURLSessionManager.h */ = {isa = PBXFileReference; explicitFileType = undefined; fileEncoding = 4; includeInIndex = 0; lastKnownFileType = sourcecode.c.h; name = SM_AFURLSessionManager.h; path = "cordova-plugin-advanced-http/SM_AFURLSessionManager.h"; sourceTree = "<group>"; };
		75F20A3EEB8645699884A750 /* MessageUI.framework */ = {isa = PBXFileReference; explicitFileType = undefined; fileEncoding = 9; includeInIndex = 0; lastKnownFileType = wrapper.framework; name = MessageUI.framework; path = System/Library/Frameworks/MessageUI.framework; sourceTree = SDKROOT; };
		76A5A7BEEC1E4659B13702A6 /* NSString+SSURLEncoding.m */ = {isa = PBXFileReference; explicitFileType = undefined; fileEncoding = 4; includeInIndex = 0; lastKnownFileType = sourcecode.c.objc; name = "NSString+SSURLEncoding.m"; path = "cordova-plugin-x-socialsharing/NSString+SSURLEncoding.m"; sourceTree = "<group>"; };
		77DEE76C03824BB4A95D8F62 /* CDVNotification.m */ = {isa = PBXFileReference; explicitFileType = undefined; fileEncoding = 4; includeInIndex = 0; lastKnownFileType = sourcecode.c.objc; name = CDVNotification.m; path = "cordova-plugin-dialogs/CDVNotification.m"; sourceTree = "<group>"; };
		7A5AA52BE0FB4188B30483BA /* UIImage+fixOrientation.m */ = {isa = PBXFileReference; explicitFileType = undefined; fileEncoding = 4; includeInIndex = 0; lastKnownFileType = sourcecode.c.objc; name = "UIImage+fixOrientation.m"; path = "cordova-plugin-telerik-imagepicker/UIImage+fixOrientation.m"; sourceTree = "<group>"; };
		7BC41F6F8E55481BA2F5456D /* GMGridViewCell.h */ = {isa = PBXFileReference; explicitFileType = undefined; fileEncoding = 4; includeInIndex = 0; lastKnownFileType = sourcecode.c.h; name = GMGridViewCell.h; path = "cordova-plugin-telerik-imagepicker/GMGridViewCell.h"; sourceTree = "<group>"; };
		7D96CD62C5D04AC8B8962B1F /* CDVAssetLibraryFilesystem.h */ = {isa = PBXFileReference; explicitFileType = undefined; fileEncoding = 4; includeInIndex = 0; lastKnownFileType = sourcecode.c.h; name = CDVAssetLibraryFilesystem.h; path = "cordova-plugin-file/CDVAssetLibraryFilesystem.h"; sourceTree = "<group>"; };
		8006CC242EF5428D86ED8ACB /* Pods-Jarasim.debug.xcconfig */ = {isa = PBXFileReference; includeInIndex = 1; lastKnownFileType = text.xcconfig; name = "Pods-Jarasim.debug.xcconfig"; path = "Target Support Files/Pods-Jarasim/Pods-Jarasim.debug.xcconfig"; sourceTree = "<group>"; };
		812B0649CF23498C82447939 /* PEResizeControl.h */ = {isa = PBXFileReference; explicitFileType = undefined; fileEncoding = 4; includeInIndex = 0; lastKnownFileType = sourcecode.c.h; name = PEResizeControl.h; path = "cordova-plugin-crop/PEResizeControl.h"; sourceTree = "<group>"; };
		830F2E05C54B4B509F2C0353 /* GMAlbumsViewController.m */ = {isa = PBXFileReference; explicitFileType = undefined; fileEncoding = 4; includeInIndex = 0; lastKnownFileType = sourcecode.c.objc; name = GMAlbumsViewController.m; path = "cordova-plugin-telerik-imagepicker/GMAlbumsViewController.m"; sourceTree = "<group>"; };
		84B8BECC119A4AB4BF4FB4A7 /* SM_AFURLRequestSerialization.h */ = {isa = PBXFileReference; explicitFileType = undefined; fileEncoding = 4; includeInIndex = 0; lastKnownFileType = sourcecode.c.h; name = SM_AFURLRequestSerialization.h; path = "cordova-plugin-advanced-http/SM_AFURLRequestSerialization.h"; sourceTree = "<group>"; };
		8A98652C00FC4F3396A8F5CD /* AudioToolbox.framework */ = {isa = PBXFileReference; explicitFileType = undefined; fileEncoding = 9; includeInIndex = 0; lastKnownFileType = wrapper.framework; name = AudioToolbox.framework; path = System/Library/Frameworks/AudioToolbox.framework; sourceTree = SDKROOT; };
		8B911E00D6AE43B2A751C7B6 /* SafariServices.framework */ = {isa = PBXFileReference; explicitFileType = undefined; fileEncoding = 9; includeInIndex = 0; lastKnownFileType = wrapper.framework; name = SafariServices.framework; path = System/Library/Frameworks/SafariServices.framework; sourceTree = SDKROOT; };
		8C60709B875344CABBF08CE6 /* GMGridViewCell.m */ = {isa = PBXFileReference; explicitFileType = undefined; fileEncoding = 4; includeInIndex = 0; lastKnownFileType = sourcecode.c.objc; name = GMGridViewCell.m; path = "cordova-plugin-telerik-imagepicker/GMGridViewCell.m"; sourceTree = "<group>"; };
		8CED11B9B1DA461A9634B5C2 /* CDVDevice.h */ = {isa = PBXFileReference; explicitFileType = undefined; fileEncoding = 4; includeInIndex = 0; lastKnownFileType = sourcecode.c.h; name = CDVDevice.h; path = "cordova-plugin-device/CDVDevice.h"; sourceTree = "<group>"; };
		8D1107310486CEB800E47090 /* Jarasim-Info.plist */ = {isa = PBXFileReference; fileEncoding = 4; lastKnownFileType = text.plist.xml; name = "Jarasim-Info.plist"; path = "Jarasim/Jarasim-Info.plist"; plistStructureDefinitionIdentifier = "com.apple.xcode.plist.structure-definition.iphone.info-plist"; sourceTree = SOURCE_ROOT; };
		9032FF4DDB5B4B67B72A49AF /* libz.dylib */ = {isa = PBXFileReference; explicitFileType = undefined; fileEncoding = 9; includeInIndex = 0; lastKnownFileType = "compiled.mach-o.dylib"; name = libz.dylib; path = usr/lib/libz.dylib; sourceTree = SDKROOT; };
		92496FF792E24BAA85A2EADA /* SM_AFNetworking.h */ = {isa = PBXFileReference; explicitFileType = undefined; fileEncoding = 4; includeInIndex = 0; lastKnownFileType = sourcecode.c.h; name = SM_AFNetworking.h; path = "cordova-plugin-advanced-http/SM_AFNetworking.h"; sourceTree = "<group>"; };
		951010A0DC0345EC9A149362 /* SM_AFNetworkReachabilityManager.h */ = {isa = PBXFileReference; explicitFileType = undefined; fileEncoding = 4; includeInIndex = 0; lastKnownFileType = sourcecode.c.h; name = SM_AFNetworkReachabilityManager.h; path = "cordova-plugin-advanced-http/SM_AFNetworkReachabilityManager.h"; sourceTree = "<group>"; };
		97D61C617EC7406787B0F68C /* CDVNotification.h */ = {isa = PBXFileReference; explicitFileType = undefined; fileEncoding = 4; includeInIndex = 0; lastKnownFileType = sourcecode.c.h; name = CDVNotification.h; path = "cordova-plugin-dialogs/CDVNotification.h"; sourceTree = "<group>"; };
		9835971E4E9849808EE4C409 /* GMAlbumsViewCell.m */ = {isa = PBXFileReference; explicitFileType = undefined; fileEncoding = 4; includeInIndex = 0; lastKnownFileType = sourcecode.c.objc; name = GMAlbumsViewCell.m; path = "cordova-plugin-telerik-imagepicker/GMAlbumsViewCell.m"; sourceTree = "<group>"; };
		990E94AB010D416B97C9DB6C /* GooglePlus.h */ = {isa = PBXFileReference; explicitFileType = undefined; fileEncoding = 4; includeInIndex = 0; lastKnownFileType = sourcecode.c.h; name = GooglePlus.h; path = "cordova-plugin-googleplus/GooglePlus.h"; sourceTree = "<group>"; };
		99F18CAAC73843C5A49A056A /* SocialSharing.h */ = {isa = PBXFileReference; explicitFileType = undefined; fileEncoding = 4; includeInIndex = 0; lastKnownFileType = sourcecode.c.h; name = SocialSharing.h; path = "cordova-plugin-x-socialsharing/SocialSharing.h"; sourceTree = "<group>"; };
		9B71083EEB0349808F2242D1 /* TextRequestSerializer.h */ = {isa = PBXFileReference; explicitFileType = undefined; fileEncoding = 4; includeInIndex = 0; lastKnownFileType = sourcecode.c.h; name = TextRequestSerializer.h; path = "cordova-plugin-advanced-http/TextRequestSerializer.h"; sourceTree = "<group>"; };
		9C9D041B7B12408ABB03B8F7 /* de.lproj */ = {isa = PBXFileReference; explicitFileType = undefined; fileEncoding = 9; includeInIndex = 0; lastKnownFileType = unknown; path = de.lproj; sourceTree = "<group>"; };
		9D0928D803594D67AE7FA229 /* SM_AFSecurityPolicy.h */ = {isa = PBXFileReference; explicitFileType = undefined; fileEncoding = 4; includeInIndex = 0; lastKnownFileType = sourcecode.c.h; name = SM_AFSecurityPolicy.h; path = "cordova-plugin-advanced-http/SM_AFSecurityPolicy.h"; sourceTree = "<group>"; };
		A3BB414BDD9C41A4A790448D /* CDVInAppBrowserNavigationController.h */ = {isa = PBXFileReference; explicitFileType = undefined; fileEncoding = 4; includeInIndex = 0; lastKnownFileType = sourcecode.c.h; name = CDVInAppBrowserNavigationController.h; path = "cordova-plugin-inappbrowser/CDVInAppBrowserNavigationController.h"; sourceTree = "<group>"; };
		A5159C6B0911435897C3BFCB /* UIImage+PECrop.m */ = {isa = PBXFileReference; explicitFileType = undefined; fileEncoding = 4; includeInIndex = 0; lastKnownFileType = sourcecode.c.objc; name = "UIImage+PECrop.m"; path = "cordova-plugin-crop/UIImage+PECrop.m"; sourceTree = "<group>"; };
		ACE12866187248AFA0690F51 /* TextResponseSerializer.m */ = {isa = PBXFileReference; explicitFileType = undefined; fileEncoding = 4; includeInIndex = 0; lastKnownFileType = sourcecode.c.objc; name = TextResponseSerializer.m; path = "cordova-plugin-advanced-http/TextResponseSerializer.m"; sourceTree = "<group>"; };
		AD0B8F6375024E95ACEDCBD1 /* GMFetchItem.m */ = {isa = PBXFileReference; explicitFileType = undefined; fileEncoding = 4; includeInIndex = 0; lastKnownFileType = sourcecode.c.objc; name = GMFetchItem.m; path = "cordova-plugin-telerik-imagepicker/GMFetchItem.m"; sourceTree = "<group>"; };
		AF0399A7783D4F1CADA481B6 /* CDVWKProcessPoolFactory.m */ = {isa = PBXFileReference; explicitFileType = undefined; fileEncoding = 4; includeInIndex = 0; lastKnownFileType = sourcecode.c.objc; name = CDVWKProcessPoolFactory.m; path = "cordova-plugin-ionic-webview/CDVWKProcessPoolFactory.m"; sourceTree = "<group>"; };
		B21B7C3C112A4C71A399CD22 /* PEResizeControl.m */ = {isa = PBXFileReference; explicitFileType = undefined; fileEncoding = 4; includeInIndex = 0; lastKnownFileType = sourcecode.c.objc; name = PEResizeControl.m; path = "cordova-plugin-crop/PEResizeControl.m"; sourceTree = "<group>"; };
		B4BF60844F194A91822A8865 /* GMGridViewController.m */ = {isa = PBXFileReference; explicitFileType = undefined; fileEncoding = 4; includeInIndex = 0; lastKnownFileType = sourcecode.c.objc; name = GMGridViewController.m; path = "cordova-plugin-telerik-imagepicker/GMGridViewController.m"; sourceTree = "<group>"; };
		B53A4E24907C464884EB89F8 /* SocialSharing.m */ = {isa = PBXFileReference; explicitFileType = undefined; fileEncoding = 4; includeInIndex = 0; lastKnownFileType = sourcecode.c.objc; name = SocialSharing.m; path = "cordova-plugin-x-socialsharing/SocialSharing.m"; sourceTree = "<group>"; };
		B58B19627C114416AD76FE94 /* GMEmptyFolder@2x.png */ = {isa = PBXFileReference; explicitFileType = undefined; fileEncoding = 9; includeInIndex = 0; lastKnownFileType = unknown; path = "GMEmptyFolder@2x.png"; sourceTree = "<group>"; };
		B7274A9EE79146F49E72A189 /* NativeStorage.m */ = {isa = PBXFileReference; explicitFileType = undefined; fileEncoding = 4; includeInIndex = 0; lastKnownFileType = sourcecode.c.objc; name = NativeStorage.m; path = "cordova-plugin-nativestorage/NativeStorage.m"; sourceTree = "<group>"; };
		B980CDF275D14E559B0AA06C /* CDVFile.h */ = {isa = PBXFileReference; explicitFileType = undefined; fileEncoding = 4; includeInIndex = 0; lastKnownFileType = sourcecode.c.h; name = CDVFile.h; path = "cordova-plugin-file/CDVFile.h"; sourceTree = "<group>"; };
		BB7FEA79FA7C4F19B024FD26 /* SystemConfiguration.framework */ = {isa = PBXFileReference; explicitFileType = undefined; fileEncoding = 9; includeInIndex = 0; lastKnownFileType = wrapper.framework; name = SystemConfiguration.framework; path = System/Library/Frameworks/SystemConfiguration.framework; sourceTree = SDKROOT; };
		BF84173C150046158DFB1783 /* PECropRectView.h */ = {isa = PBXFileReference; explicitFileType = undefined; fileEncoding = 4; includeInIndex = 0; lastKnownFileType = sourcecode.c.h; name = PECropRectView.h; path = "cordova-plugin-crop/PECropRectView.h"; sourceTree = "<group>"; };
		C1C7A3FD36C34A6FBAAFB581 /* GMImagePickerController.h */ = {isa = PBXFileReference; explicitFileType = undefined; fileEncoding = 4; includeInIndex = 0; lastKnownFileType = sourcecode.c.h; name = GMImagePickerController.h; path = "cordova-plugin-telerik-imagepicker/GMImagePickerController.h"; sourceTree = "<group>"; };
		C1F39F91F1834165B83D9E70 /* TextRequestSerializer.m */ = {isa = PBXFileReference; explicitFileType = undefined; fileEncoding = 4; includeInIndex = 0; lastKnownFileType = sourcecode.c.objc; name = TextRequestSerializer.m; path = "cordova-plugin-advanced-http/TextRequestSerializer.m"; sourceTree = "<group>"; };
		C3A1C8E646E644BC9FF654A8 /* CTCrop.h */ = {isa = PBXFileReference; explicitFileType = undefined; fileEncoding = 4; includeInIndex = 0; lastKnownFileType = sourcecode.c.h; name = CTCrop.h; path = "cordova-plugin-crop/CTCrop.h"; sourceTree = "<group>"; };
		C4991AE4AEAC4BA89CD934DB /* WebKit.framework */ = {isa = PBXFileReference; explicitFileType = undefined; fileEncoding = 9; includeInIndex = 0; lastKnownFileType = wrapper.framework; name = WebKit.framework; path = System/Library/Frameworks/WebKit.framework; sourceTree = SDKROOT; };
		C630DA33BFEB45FFB4403715 /* AddressBook.framework */ = {isa = PBXFileReference; explicitFileType = undefined; fileEncoding = 9; includeInIndex = 0; lastKnownFileType = wrapper.framework; name = AddressBook.framework; path = System/Library/Frameworks/AddressBook.framework; sourceTree = SDKROOT; };
		C6F7F5719D9246E68FB365EA /* SM_AFURLRequestSerialization.m */ = {isa = PBXFileReference; explicitFileType = undefined; fileEncoding = 4; includeInIndex = 0; lastKnownFileType = sourcecode.c.objc; name = SM_AFURLRequestSerialization.m; path = "cordova-plugin-advanced-http/SM_AFURLRequestSerialization.m"; sourceTree = "<group>"; };
		CA8A6FA3F3B64B1881ED7E66 /* CDVStatusBar.m */ = {isa = PBXFileReference; explicitFileType = undefined; fileEncoding = 4; includeInIndex = 0; lastKnownFileType = sourcecode.c.objc; name = CDVStatusBar.m; path = "cordova-plugin-statusbar/CDVStatusBar.m"; sourceTree = "<group>"; };
		CBDCD1F3D6914A81BB703E28 /* CoreLocation.framework */ = {isa = PBXFileReference; explicitFileType = undefined; fileEncoding = 9; includeInIndex = 0; lastKnownFileType = wrapper.framework; name = CoreLocation.framework; path = System/Library/Frameworks/CoreLocation.framework; sourceTree = SDKROOT; };
		CE942833727341E297D27E9D /* en.lproj */ = {isa = PBXFileReference; explicitFileType = undefined; fileEncoding = 9; includeInIndex = 0; lastKnownFileType = unknown; path = en.lproj; sourceTree = "<group>"; };
		D15B583C3D844EFAAB26E902 /* GMFetchItem.h */ = {isa = PBXFileReference; explicitFileType = undefined; fileEncoding = 4; includeInIndex = 0; lastKnownFileType = sourcecode.c.h; name = GMFetchItem.h; path = "cordova-plugin-telerik-imagepicker/GMFetchItem.h"; sourceTree = "<group>"; };
		D5A644FCE33E44098DE753CD /* CDVLocation.h */ = {isa = PBXFileReference; explicitFileType = undefined; fileEncoding = 4; includeInIndex = 0; lastKnownFileType = sourcecode.c.h; name = CDVLocation.h; path = "cordova-plugin-geolocation/CDVLocation.h"; sourceTree = "<group>"; };
		D8BD05959AF44663AFE3488C /* GMImagePickerController.m */ = {isa = PBXFileReference; explicitFileType = undefined; fileEncoding = 4; includeInIndex = 0; lastKnownFileType = sourcecode.c.objc; name = GMImagePickerController.m; path = "cordova-plugin-telerik-imagepicker/GMImagePickerController.m"; sourceTree = "<group>"; };
		D983D0D5405148A7A2DAFD0E /* CDVInAppBrowserNavigationController.m */ = {isa = PBXFileReference; explicitFileType = undefined; fileEncoding = 4; includeInIndex = 0; lastKnownFileType = sourcecode.c.objc; name = CDVInAppBrowserNavigationController.m; path = "cordova-plugin-inappbrowser/CDVInAppBrowserNavigationController.m"; sourceTree = "<group>"; };
		DB478E8D69C346CFA5473E48 /* NativeGeocoder-Bridging-Header.h */ = {isa = PBXFileReference; explicitFileType = undefined; fileEncoding = 4; includeInIndex = 0; lastKnownFileType = sourcecode.c.h; name = "NativeGeocoder-Bridging-Header.h"; path = "cordova-plugin-nativegeocoder/NativeGeocoder-Bridging-Header.h"; sourceTree = "<group>"; };
		DCB32946EBEE4984A7277158 /* CDVWKInAppBrowserUIDelegate.m */ = {isa = PBXFileReference; explicitFileType = undefined; fileEncoding = 4; includeInIndex = 0; lastKnownFileType = sourcecode.c.objc; name = CDVWKInAppBrowserUIDelegate.m; path = "cordova-plugin-inappbrowser/CDVWKInAppBrowserUIDelegate.m"; sourceTree = "<group>"; };
		DEEDAE9D8BF14B1FB7042965 /* CDVLocalFilesystem.m */ = {isa = PBXFileReference; explicitFileType = undefined; fileEncoding = 4; includeInIndex = 0; lastKnownFileType = sourcecode.c.objc; name = CDVLocalFilesystem.m; path = "cordova-plugin-file/CDVLocalFilesystem.m"; sourceTree = "<group>"; };
		DF4FD249A1EC483AA8A9107C /* CDVIonicKeyboard.m */ = {isa = PBXFileReference; explicitFileType = undefined; fileEncoding = 4; includeInIndex = 0; lastKnownFileType = sourcecode.c.objc; name = CDVIonicKeyboard.m; path = "cordova-plugin-ionic-keyboard/CDVIonicKeyboard.m"; sourceTree = "<group>"; };
		DF846D4365734D8BB5F22C4D /* UIImage+PECrop.h */ = {isa = PBXFileReference; explicitFileType = undefined; fileEncoding = 4; includeInIndex = 0; lastKnownFileType = sourcecode.c.h; name = "UIImage+PECrop.h"; path = "cordova-plugin-crop/UIImage+PECrop.h"; sourceTree = "<group>"; };
		DFD5BE3754B5435FB7FFA057 /* CDVAppRate.h */ = {isa = PBXFileReference; explicitFileType = undefined; fileEncoding = 4; includeInIndex = 0; lastKnownFileType = sourcecode.c.h; name = CDVAppRate.h; path = "cordova-plugin-apprate/CDVAppRate.h"; sourceTree = "<group>"; };
		E14BE247DE664EEBA073F029 /* NativeStorage.h */ = {isa = PBXFileReference; explicitFileType = undefined; fileEncoding = 4; includeInIndex = 0; lastKnownFileType = sourcecode.c.h; name = NativeStorage.h; path = "cordova-plugin-nativestorage/NativeStorage.h"; sourceTree = "<group>"; };
		E2B851DC7F4C46E5A9F477CE /* CDVWKInAppBrowserUIDelegate.h */ = {isa = PBXFileReference; explicitFileType = undefined; fileEncoding = 4; includeInIndex = 0; lastKnownFileType = sourcecode.c.h; name = CDVWKInAppBrowserUIDelegate.h; path = "cordova-plugin-inappbrowser/CDVWKInAppBrowserUIDelegate.h"; sourceTree = "<group>"; };
		E537F817AA19444E93A2CB71 /* FacebookConnectPlugin.h */ = {isa = PBXFileReference; explicitFileType = undefined; fileEncoding = 4; includeInIndex = 0; lastKnownFileType = sourcecode.c.h; name = FacebookConnectPlugin.h; path = "cordova-plugin-facebook4/FacebookConnectPlugin.h"; sourceTree = "<group>"; };
		E5B0EA3CBED64B8B975097C6 /* CDVWKInAppBrowser.h */ = {isa = PBXFileReference; explicitFileType = undefined; fileEncoding = 4; includeInIndex = 0; lastKnownFileType = sourcecode.c.h; name = CDVWKInAppBrowser.h; path = "cordova-plugin-inappbrowser/CDVWKInAppBrowser.h"; sourceTree = "<group>"; };
		E7E509E749C64B96B66C353A /* Security.framework */ = {isa = PBXFileReference; explicitFileType = undefined; fileEncoding = 9; includeInIndex = 0; lastKnownFileType = wrapper.framework; name = Security.framework; path = System/Library/Frameworks/Security.framework; sourceTree = SDKROOT; };
		E8B37BEDFA2A43B3886E14D7 /* APPEmailComposerImpl.h */ = {isa = PBXFileReference; explicitFileType = undefined; fileEncoding = 4; includeInIndex = 0; lastKnownFileType = sourcecode.c.h; name = APPEmailComposerImpl.h; path = "cordova-plugin-email-composer/APPEmailComposerImpl.h"; sourceTree = "<group>"; };
		E90A5EEEF64541659FE2B1C4 /* GMVideoIcon@2x.png */ = {isa = PBXFileReference; explicitFileType = undefined; fileEncoding = 9; includeInIndex = 0; lastKnownFileType = unknown; path = "GMVideoIcon@2x.png"; sourceTree = "<group>"; };
		EB87FDF31871DA8E0020F90C /* www */ = {isa = PBXFileReference; lastKnownFileType = folder; name = www; path = ../../www; sourceTree = "<group>"; };
		EB87FDF41871DAF40020F90C /* config.xml */ = {isa = PBXFileReference; lastKnownFileType = text.xml; name = config.xml; path = ../../config.xml; sourceTree = "<group>"; };
		EC1EB2D93E3F4EF38B74E927 /* SM_AFHTTPSessionManager.h */ = {isa = PBXFileReference; explicitFileType = undefined; fileEncoding = 4; includeInIndex = 0; lastKnownFileType = sourcecode.c.h; name = SM_AFHTTPSessionManager.h; path = "cordova-plugin-advanced-http/SM_AFHTTPSessionManager.h"; sourceTree = "<group>"; };
		EC50CA3EB14E4C3EBD6A569D /* SM_AFNetworkReachabilityManager.m */ = {isa = PBXFileReference; explicitFileType = undefined; fileEncoding = 4; includeInIndex = 0; lastKnownFileType = sourcecode.c.objc; name = SM_AFNetworkReachabilityManager.m; path = "cordova-plugin-advanced-http/SM_AFNetworkReachabilityManager.m"; sourceTree = "<group>"; };
		ED33DF2A687741AEAF9F8254 /* Bridging-Header.h */ = {isa = PBXFileReference; fileEncoding = 4; lastKnownFileType = sourcecode.c.h; path = "Bridging-Header.h"; sourceTree = "<group>"; };
		EEDFF63BFAFE4FA38FE08976 /* zh-Hans.lproj */ = {isa = PBXFileReference; explicitFileType = undefined; fileEncoding = 9; includeInIndex = 0; lastKnownFileType = unknown; path = "zh-Hans.lproj"; sourceTree = "<group>"; };
		F0CAD9C36B304D2FA0DCA3B7 /* Photos.framework */ = {isa = PBXFileReference; explicitFileType = undefined; fileEncoding = 9; includeInIndex = 0; lastKnownFileType = wrapper.framework; name = Photos.framework; path = System/Library/Frameworks/Photos.framework; sourceTree = SDKROOT; };
		F2F9CEC025CA45E6ACB618B2 /* CDVDevice.m */ = {isa = PBXFileReference; explicitFileType = undefined; fileEncoding = 4; includeInIndex = 0; lastKnownFileType = sourcecode.c.objc; name = CDVDevice.m; path = "cordova-plugin-device/CDVDevice.m"; sourceTree = "<group>"; };
		F3C9D1C81ED843CD8E583E00 /* GMAlbumsViewController.h */ = {isa = PBXFileReference; explicitFileType = undefined; fileEncoding = 4; includeInIndex = 0; lastKnownFileType = sourcecode.c.h; name = GMAlbumsViewController.h; path = "cordova-plugin-telerik-imagepicker/GMAlbumsViewController.h"; sourceTree = "<group>"; };
		F457DAEFDEF54B228D098535 /* CDVWKWebViewEngine.h */ = {isa = PBXFileReference; explicitFileType = undefined; fileEncoding = 4; includeInIndex = 0; lastKnownFileType = sourcecode.c.h; name = CDVWKWebViewEngine.h; path = "cordova-plugin-ionic-webview/CDVWKWebViewEngine.h"; sourceTree = "<group>"; };
		F784069693734C21BE62BCA3 /* ca.lproj */ = {isa = PBXFileReference; explicitFileType = undefined; fileEncoding = 9; includeInIndex = 0; lastKnownFileType = unknown; path = ca.lproj; sourceTree = "<group>"; };
		F840E1F0165FE0F500CFE078 /* config.xml */ = {isa = PBXFileReference; lastKnownFileType = text.xml; name = config.xml; path = Jarasim/config.xml; sourceTree = "<group>"; };
		FA58FE48A3B4413387CE9F44 /* PEPhotoCropEditor.bundle */ = {isa = PBXFileReference; explicitFileType = undefined; fileEncoding = 9; includeInIndex = 0; lastKnownFileType = "wrapper.plug-in"; path = PEPhotoCropEditor.bundle; sourceTree = "<group>"; };
		FC50219B5F974D2CB22AE3A5 /* StoreKit.framework */ = {isa = PBXFileReference; explicitFileType = undefined; fileEncoding = 9; includeInIndex = 0; lastKnownFileType = wrapper.framework; name = StoreKit.framework; path = System/Library/Frameworks/StoreKit.framework; sourceTree = SDKROOT; };
		FC89CB0962884A0AA0ABE0E1 /* BinaryRequestSerializer.h */ = {isa = PBXFileReference; explicitFileType = undefined; fileEncoding = 4; includeInIndex = 0; lastKnownFileType = sourcecode.c.h; name = BinaryRequestSerializer.h; path = "cordova-plugin-advanced-http/BinaryRequestSerializer.h"; sourceTree = "<group>"; };
		FD8FDF0715EC443ABFE8D5CC /* CDVLocation.m */ = {isa = PBXFileReference; explicitFileType = undefined; fileEncoding = 4; includeInIndex = 0; lastKnownFileType = sourcecode.c.objc; name = CDVLocation.m; path = "cordova-plugin-geolocation/CDVLocation.m"; sourceTree = "<group>"; };
		FDD7178EAD85434C8C74EA52 /* CDVAppRate.m */ = {isa = PBXFileReference; explicitFileType = undefined; fileEncoding = 4; includeInIndex = 0; lastKnownFileType = sourcecode.c.objc; name = CDVAppRate.m; path = "cordova-plugin-apprate/CDVAppRate.m"; sourceTree = "<group>"; };
		FEE7A20D518F4FE5992CD228 /* CDVStatusBar.h */ = {isa = PBXFileReference; explicitFileType = undefined; fileEncoding = 4; includeInIndex = 0; lastKnownFileType = sourcecode.c.h; name = CDVStatusBar.h; path = "cordova-plugin-statusbar/CDVStatusBar.h"; sourceTree = "<group>"; };
/* End PBXFileReference section */

/* Begin PBXFrameworksBuildPhase section */
		1D60588F0D05DD3D006BFB54 /* Frameworks */ = {
			isa = PBXFrameworksBuildPhase;
			buildActionMask = 2147483647;
			files = (
				301BF552109A68D80062928A /* libCordova.a in Frameworks */,
				29B13ECA3DE947A1AC74687E /* Security.framework in Frameworks */,
				42A42EEA513940F6ACCFFFD0 /* SystemConfiguration.framework in Frameworks */,
				EC2D980B0D2B4B06AE0A5D89 /* AudioToolbox.framework in Frameworks */,
				7045DBCFC3014D858E9FF339 /* StoreKit.framework in Frameworks */,
				E89D03F84154485592949681 /* QuartzCore.framework in Frameworks */,
				D76C50EF73704DE9B20BD907 /* AVFoundation.framework in Frameworks */,
				919A4438D59940B59C396ED2 /* MessageUI.framework in Frameworks */,
				CEFD1930066146B1F2E23F9B /* Pods_Jarasim.framework in Frameworks */,
				78D49D52C5C6489984D29D3C /* CoreLocation.framework in Frameworks */,
				5A7B5CB5D6AD437483856EC6 /* AddressBook.framework in Frameworks */,
				C8B673BDD77545669C11DE0C /* CoreText.framework in Frameworks */,
				3B47190ADA944F19AA5EBF3A /* SafariServices.framework in Frameworks */,
				C693069E9C4D42B79FDE569A /* libz.tbd in Frameworks */,
				8C5B77FAEBE64377A8150FC5 /* libz.dylib in Frameworks */,
				0B9AB3E5EF204FF887C5D25C /* WebKit.framework in Frameworks */,
				298FA330CD32477493D97475 /* Accelerate.framework in Frameworks */,
				D48CEA4312164AD29663307A /* Photos.framework in Frameworks */,
				6E79B435B38347CF93E80707 /* Social.framework in Frameworks */,
			);
			runOnlyForDeploymentPostprocessing = 0;
		};
/* End PBXFrameworksBuildPhase section */

/* Begin PBXGroup section */
		080E96DDFE201D6D7F000001 /* Classes */ = {
			isa = PBXGroup;
			children = (
				302D95EE14D2391D003F00A1 /* MainViewController.h */,
				302D95EF14D2391D003F00A1 /* MainViewController.m */,
				302D95F014D2391D003F00A1 /* MainViewController.xib */,
				1D3623240D0F684500981E51 /* AppDelegate.h */,
				1D3623250D0F684500981E51 /* AppDelegate.m */,
			);
			name = Classes;
			path = Jarasim/Classes;
			sourceTree = SOURCE_ROOT;
		};
		19C28FACFE9D520D11CA2CBB /* Products */ = {
			isa = PBXGroup;
			children = (
				1D6058910D05DD3D006BFB54 /* Jarasim.app */,
			);
			name = Products;
			sourceTree = "<group>";
		};
		29B97314FDCFA39411CA2CEA /* CustomTemplate */ = {
			isa = PBXGroup;
			children = (
				EB87FDF41871DAF40020F90C /* config.xml */,
				EB87FDF31871DA8E0020F90C /* www */,
				EB87FDF11871DA420020F90C /* Staging */,
				301BF52D109A57CC0062928A /* CordovaLib.xcodeproj */,
				080E96DDFE201D6D7F000001 /* Classes */,
				307C750510C5A3420062BCA9 /* Plugins */,
				29B97315FDCFA39411CA2CEA /* Other Sources */,
				29B97317FDCFA39411CA2CEA /* Resources */,
				29B97323FDCFA39411CA2CEA /* Frameworks */,
				19C28FACFE9D520D11CA2CBB /* Products */,
				2A13DC649730E4B1F8876DC9 /* Pods */,
			);
			name = CustomTemplate;
			sourceTree = "<group>";
		};
		29B97315FDCFA39411CA2CEA /* Other Sources */ = {
			isa = PBXGroup;
			children = (
				32CA4F630368D1EE00C91783 /* Jarasim-Prefix.pch */,
				29B97316FDCFA39411CA2CEA /* main.m */,
				ED33DF2A687741AEAF9F8254 /* Bridging-Header.h */,
			);
			name = "Other Sources";
			path = Jarasim;
			sourceTree = "<group>";
		};
		29B97317FDCFA39411CA2CEA /* Resources */ = {
			isa = PBXGroup;
			children = (
				0207DA571B56EA530066E2B4 /* Images.xcassets */,
				3047A50E1AB8057F00498E2A /* config */,
				8D1107310486CEB800E47090 /* Jarasim-Info.plist */,
				6AFF5BF81D6E424B00AB3073 /* CDVLaunchScreen.storyboard */,
				64B5E94F3DD94F2980908DC7 /* CDVNotification.bundle */,
				FA58FE48A3B4413387CE9F44 /* PEPhotoCropEditor.bundle */,
				48DEF0406F164EC49C9E9E40 /* GMEmptyFolder@1x.png */,
				B58B19627C114416AD76FE94 /* GMEmptyFolder@2x.png */,
				6F944F9BDAE546D3B0B8C2E3 /* GMSelected.png */,
				6F74E8289412463B932F12D4 /* GMSelected@2x.png */,
				41A173F92B1047AF8ACAA4B0 /* GMVideoIcon.png */,
				E90A5EEEF64541659FE2B1C4 /* GMVideoIcon@2x.png */,
				F784069693734C21BE62BCA3 /* ca.lproj */,
				9C9D041B7B12408ABB03B8F7 /* de.lproj */,
				CE942833727341E297D27E9D /* en.lproj */,
				213FD96C01D9477D836D8702 /* es.lproj */,
				68E9875AEE054E178EF9D2BE /* fr.lproj */,
				1115ACD72EF64FC3A83E95C2 /* it.lproj */,
				14FCA1A1D5A64536A5172EC4 /* pt.lproj */,
				4633A7267C4F45A1A0FFB3E8 /* pl.lproj */,
				EEDFF63BFAFE4FA38FE08976 /* zh-Hans.lproj */,
			);
			name = Resources;
			path = Jarasim/Resources;
			sourceTree = "<group>";
		};
		29B97323FDCFA39411CA2CEA /* Frameworks */ = {
			isa = PBXGroup;
			children = (
				E7E509E749C64B96B66C353A /* Security.framework */,
				BB7FEA79FA7C4F19B024FD26 /* SystemConfiguration.framework */,
				8A98652C00FC4F3396A8F5CD /* AudioToolbox.framework */,
				FC50219B5F974D2CB22AE3A5 /* StoreKit.framework */,
				24FF73EC7E1B4961B98767D8 /* QuartzCore.framework */,
				09918BA08F8246C7BD486C1B /* AVFoundation.framework */,
				75F20A3EEB8645699884A750 /* MessageUI.framework */,
				5429CBB13D88F5C136F3244A /* Pods_Jarasim.framework */,
				CBDCD1F3D6914A81BB703E28 /* CoreLocation.framework */,
				C630DA33BFEB45FFB4403715 /* AddressBook.framework */,
				396A692033134639A38510B7 /* CoreText.framework */,
				8B911E00D6AE43B2A751C7B6 /* SafariServices.framework */,
				66A0B6D06BC041D4AE0209A5 /* libz.tbd */,
				9032FF4DDB5B4B67B72A49AF /* libz.dylib */,
				C4991AE4AEAC4BA89CD934DB /* WebKit.framework */,
				6E61127AB6F04C2389B90C56 /* Accelerate.framework */,
				F0CAD9C36B304D2FA0DCA3B7 /* Photos.framework */,
				657A6414AAD7473991A50D39 /* Social.framework */,
			);
			name = Frameworks;
			sourceTree = "<group>";
		};
		2A13DC649730E4B1F8876DC9 /* Pods */ = {
			isa = PBXGroup;
			children = (
				8006CC242EF5428D86ED8ACB /* Pods-Jarasim.debug.xcconfig */,
				599BA496C4A8DFE05EA690A2 /* Pods-Jarasim.release.xcconfig */,
			);
			path = Pods;
			sourceTree = "<group>";
		};
		301BF52E109A57CC0062928A /* Products */ = {
			isa = PBXGroup;
			children = (
				301BF535109A57CC0062928A /* libCordova.a */,
				907D8124214C687600058A10 /* Cordova.framework */,
			);
			name = Products;
			sourceTree = "<group>";
		};
		3047A50E1AB8057F00498E2A /* config */ = {
			isa = PBXGroup;
			children = (
				3047A50F1AB8059700498E2A /* build-debug.xcconfig */,
				3047A5101AB8059700498E2A /* build-release.xcconfig */,
				3047A5111AB8059700498E2A /* build.xcconfig */,
			);
			name = config;
			sourceTree = "<group>";
		};
		307C750510C5A3420062BCA9 /* Plugins */ = {
			isa = PBXGroup;
			children = (
				3EE20A12E52340128F31EBA3 /* CDVFile.m */,
				DEEDAE9D8BF14B1FB7042965 /* CDVLocalFilesystem.m */,
				3F68A8134F4C4AA8AC9D5BFB /* CDVAssetLibraryFilesystem.m */,
				B980CDF275D14E559B0AA06C /* CDVFile.h */,
				50FE254A06B342BFB6BDF29B /* CDVLocalFilesystem.h */,
				7D96CD62C5D04AC8B8962B1F /* CDVAssetLibraryFilesystem.h */,
				6A56904A3CB94E49922D8455 /* CordovaHttpPlugin.m */,
				1D505B3EB5434EAAB4687DDE /* BinaryRequestSerializer.m */,
				4A6252087DFF4CF589E0F5CD /* BinaryResponseSerializer.m */,
				ACE12866187248AFA0690F51 /* TextResponseSerializer.m */,
				C1F39F91F1834165B83D9E70 /* TextRequestSerializer.m */,
				2EB5E1ACD1ED4460B2723FBB /* SM_AFHTTPSessionManager.m */,
				EC50CA3EB14E4C3EBD6A569D /* SM_AFNetworkReachabilityManager.m */,
				620BA79F61EE42209ECCE8B5 /* SM_AFSecurityPolicy.m */,
				C6F7F5719D9246E68FB365EA /* SM_AFURLRequestSerialization.m */,
				64BE06DBCD6A485BA8C588AB /* SM_AFURLResponseSerialization.m */,
				5BF2D29C498D43BBA7A7DD66 /* SM_AFURLSessionManager.m */,
				4D09B4ABD5BE4DEC9D0C0950 /* SDNetworkActivityIndicator.m */,
				3F9B599489A64E46B2C49086 /* CordovaHttpPlugin.h */,
				FC89CB0962884A0AA0ABE0E1 /* BinaryRequestSerializer.h */,
				0758F80FD0C24D839D63868E /* BinaryResponseSerializer.h */,
				2BB44BBCE4A54613BA180774 /* TextResponseSerializer.h */,
				9B71083EEB0349808F2242D1 /* TextRequestSerializer.h */,
				EC1EB2D93E3F4EF38B74E927 /* SM_AFHTTPSessionManager.h */,
				92496FF792E24BAA85A2EADA /* SM_AFNetworking.h */,
				951010A0DC0345EC9A149362 /* SM_AFNetworkReachabilityManager.h */,
				9D0928D803594D67AE7FA229 /* SM_AFSecurityPolicy.h */,
				84B8BECC119A4AB4BF4FB4A7 /* SM_AFURLRequestSerialization.h */,
				3F0A07A85DD3408CB8980575 /* SM_AFURLResponseSerialization.h */,
				74F22B538F2D418A893FFACD /* SM_AFURLSessionManager.h */,
				111F900661394D1BA65AC845 /* SDNetworkActivityIndicator.h */,
				77DEE76C03824BB4A95D8F62 /* CDVNotification.m */,
				97D61C617EC7406787B0F68C /* CDVNotification.h */,
				B7274A9EE79146F49E72A189 /* NativeStorage.m */,
				E14BE247DE664EEBA073F029 /* NativeStorage.h */,
				FDD7178EAD85434C8C74EA52 /* CDVAppRate.m */,
				DFD5BE3754B5435FB7FFA057 /* CDVAppRate.h */,
				22AD8C3994224F368DD95F8A /* CTCrop.m */,
				0A12A26311E642E6AA636BF6 /* PECropRectView.m */,
				316C0868D8934E36A7138D71 /* PECropView.m */,
				1BFE3552D6AD4379AC6270B3 /* PECropViewController.m */,
				B21B7C3C112A4C71A399CD22 /* PEResizeControl.m */,
				A5159C6B0911435897C3BFCB /* UIImage+PECrop.m */,
				C3A1C8E646E644BC9FF654A8 /* CTCrop.h */,
				BF84173C150046158DFB1783 /* PECropRectView.h */,
				6CA091E1F8B84CB2A597268A /* PECropView.h */,
				23D338CF234240D5A36B023A /* PECropViewController.h */,
				812B0649CF23498C82447939 /* PEResizeControl.h */,
				DF846D4365734D8BB5F22C4D /* UIImage+PECrop.h */,
				F2F9CEC025CA45E6ACB618B2 /* CDVDevice.m */,
				8CED11B9B1DA461A9634B5C2 /* CDVDevice.h */,
				1AE37BF864D0450CA5934AA8 /* APPEmailComposer.m */,
				1CB222ADAFA341BABC1D43D0 /* APPEmailComposerImpl.m */,
				1E338BEEDFF74BA2B8E5117F /* APPEmailComposer.h */,
				E8B37BEDFA2A43B3886E14D7 /* APPEmailComposerImpl.h */,
				6367874E21864392A73C31CA /* FacebookConnectPlugin.m */,
				E537F817AA19444E93A2CB71 /* FacebookConnectPlugin.h */,
				5914B9567BF447C894921898 /* CDVFileTransfer.m */,
				36FF2040FC7E4F6BBE187CB6 /* CDVFileTransfer.h */,
				FD8FDF0715EC443ABFE8D5CC /* CDVLocation.m */,
				D5A644FCE33E44098DE753CD /* CDVLocation.h */,
				31A7ED30418C44189B21BE69 /* GooglePlus.m */,
				990E94AB010D416B97C9DB6C /* GooglePlus.h */,
				170671F3AC454EA8A96F459C /* CDVInAppBrowserOptions.m */,
				D983D0D5405148A7A2DAFD0E /* CDVInAppBrowserNavigationController.m */,
				4BC8884AE9E544A199D5D997 /* CDVWKInAppBrowser.m */,
				DCB32946EBEE4984A7277158 /* CDVWKInAppBrowserUIDelegate.m */,
				106C4B8DE2AA411EBB2345EB /* CDVInAppBrowserOptions.h */,
				A3BB414BDD9C41A4A790448D /* CDVInAppBrowserNavigationController.h */,
				E5B0EA3CBED64B8B975097C6 /* CDVWKInAppBrowser.h */,
				E2B851DC7F4C46E5A9F477CE /* CDVWKInAppBrowserUIDelegate.h */,
				DF4FD249A1EC483AA8A9107C /* CDVIonicKeyboard.m */,
				65D6E48879ED4CE0975CE4CC /* CDVIonicKeyboard.h */,
				2A70E7B10A00473899797769 /* CDVWKWebViewEngine.m */,
				31D844D1CAE349108001C20A /* CDVWKWebViewUIDelegate.m */,
				AF0399A7783D4F1CADA481B6 /* CDVWKProcessPoolFactory.m */,
				27883ED2AA5D4A9184FD37E3 /* IONAssetHandler.m */,
				F457DAEFDEF54B228D098535 /* CDVWKWebViewEngine.h */,
				6F2C1AE27E3B4764A886469A /* CDVWKWebViewUIDelegate.h */,
				0E4DC564A20344C0B35C9644 /* CDVWKProcessPoolFactory.h */,
				2D0A92ACDB954E2495305D44 /* IONAssetHandler.h */,
				37EF44A82D254296B432F605 /* NativeGeocoder.swift */,
				DB478E8D69C346CFA5473E48 /* NativeGeocoder-Bridging-Header.h */,
				3827156F8C9945169F939703 /* RequestLocationAccuracy.m */,
				111A81FCFA5E4C17BF7AC5EE /* RequestLocationAccuracy.h */,
				CA8A6FA3F3B64B1881ED7E66 /* CDVStatusBar.m */,
				FEE7A20D518F4FE5992CD228 /* CDVStatusBar.h */,
				0081F5FDC3064190B8BE46E6 /* SOSPicker.m */,
				3497808A439C41759F946BEB /* FeHourGlass.m */,
				7A5AA52BE0FB4188B30483BA /* UIImage+fixOrientation.m */,
				9835971E4E9849808EE4C409 /* GMAlbumsViewCell.m */,
				830F2E05C54B4B509F2C0353 /* GMAlbumsViewController.m */,
				AD0B8F6375024E95ACEDCBD1 /* GMFetchItem.m */,
				8C60709B875344CABBF08CE6 /* GMGridViewCell.m */,
				B4BF60844F194A91822A8865 /* GMGridViewController.m */,
				D8BD05959AF44663AFE3488C /* GMImagePickerController.m */,
				67E37BEE432A4D41B0F82183 /* PSYBlockTimer.m */,
				236C43E87D40444785318845 /* GMPHAsset.m */,
				2A3D38D888D74BD6B3F2F2C6 /* SOSPicker.h */,
				1119AE7841A74CA6BDBBB4E9 /* FeHourGlass.h */,
				6FC591F880494F329DA491B7 /* UIImage+fixOrientation.h */,
				3897F87ACC454E98A5199BC6 /* GMAlbumsViewCell.h */,
				F3C9D1C81ED843CD8E583E00 /* GMAlbumsViewController.h */,
				D15B583C3D844EFAAB26E902 /* GMFetchItem.h */,
				7BC41F6F8E55481BA2F5456D /* GMGridViewCell.h */,
				2D0EC4FE2C8749B1BB0E07A9 /* GMGridViewController.h */,
				C1C7A3FD36C34A6FBAAFB581 /* GMImagePickerController.h */,
				5DC3E12974A74A06901BEDFD /* PSYBlockTimer.h */,
				35C86DAD986B4AE4803A9CFD /* GMPHAsset.h */,
				76A5A7BEEC1E4659B13702A6 /* NSString+SSURLEncoding.m */,
				B53A4E24907C464884EB89F8 /* SocialSharing.m */,
				4DF3C88B671944ACB7ECC189 /* NSString+SSURLEncoding.h */,
				99F18CAAC73843C5A49A056A /* SocialSharing.h */,
				5AD507BC64C34B5A930E5B54 /* SQLitePlugin.m */,
				2639F7CC78CD4B418F2D735E /* CustomPSPDFThreadSafeMutableDictionary.m */,
				1188DAE6F48C48E1A8A24A45 /* sqlite3.c */,
				08F1A1769DD24D29817873B5 /* SQLitePlugin.h */,
				0ADCF07309E64F4FBBAB69BA /* sqlite3.h */,
			);
			name = Plugins;
			path = Jarasim/Plugins;
			sourceTree = SOURCE_ROOT;
		};
		EB87FDF11871DA420020F90C /* Staging */ = {
			isa = PBXGroup;
			children = (
				F840E1F0165FE0F500CFE078 /* config.xml */,
				301BF56E109A69640062928A /* www */,
			);
			name = Staging;
			sourceTree = "<group>";
		};
/* End PBXGroup section */

/* Begin PBXNativeTarget section */
		1D6058900D05DD3D006BFB54 /* Jarasim */ = {
			isa = PBXNativeTarget;
			buildConfigurationList = 1D6058960D05DD3E006BFB54 /* Build configuration list for PBXNativeTarget "Jarasim" */;
			buildPhases = (
				ED0E40F5CB51D9B154D4EFC2 /* [CP] Check Pods Manifest.lock */,
				304B58A110DAC018002A0835 /* Copy www directory */,
				1D60588D0D05DD3D006BFB54 /* Resources */,
				1D60588E0D05DD3D006BFB54 /* Sources */,
				1D60588F0D05DD3D006BFB54 /* Frameworks */,
				FD8BD20C28B2031321B66722 /* [CP] Embed Pods Frameworks */,
				67A70DD73B80BB19CA77BA12 /* [CP] Copy Pods Resources */,
			);
			buildRules = (
			);
			dependencies = (
				301BF551109A68C00062928A /* PBXTargetDependency */,
			);
			name = Jarasim;
			productName = Jarasim;
			productReference = 1D6058910D05DD3D006BFB54 /* Jarasim.app */;
			productType = "com.apple.product-type.application";
		};
/* End PBXNativeTarget section */

/* Begin PBXProject section */
		29B97313FDCFA39411CA2CEA /* Project object */ = {
			isa = PBXProject;
			attributes = {
				LastUpgradeCheck = 1130;
				TargetAttributes = {
					1D6058900D05DD3D006BFB54 = {
						ProvisioningStyle = Automatic;
					};
				};
			};
			buildConfigurationList = C01FCF4E08A954540054247B /* Build configuration list for PBXProject "Jarasim" */;
			compatibilityVersion = "Xcode 11.0";
			developmentRegion = en;
			hasScannedForEncodings = 1;
			knownRegions = (
				en,
				Base,
			);
			mainGroup = 29B97314FDCFA39411CA2CEA /* CustomTemplate */;
			productRefGroup = 19C28FACFE9D520D11CA2CBB /* Products */;
			projectDirPath = "";
			projectReferences = (
				{
					ProductGroup = 301BF52E109A57CC0062928A /* Products */;
					ProjectRef = 301BF52D109A57CC0062928A /* CordovaLib.xcodeproj */;
				},
			);
			projectRoot = "";
			targets = (
				1D6058900D05DD3D006BFB54 /* Jarasim */,
			);
		};
/* End PBXProject section */

/* Begin PBXReferenceProxy section */
		301BF535109A57CC0062928A /* libCordova.a */ = {
			isa = PBXReferenceProxy;
			fileType = archive.ar;
			path = libCordova.a;
			remoteRef = 301BF534109A57CC0062928A /* PBXContainerItemProxy */;
			sourceTree = BUILT_PRODUCTS_DIR;
		};
		907D8124214C687600058A10 /* Cordova.framework */ = {
			isa = PBXReferenceProxy;
			fileType = wrapper.framework;
			path = Cordova.framework;
			remoteRef = 907D8123214C687600058A10 /* PBXContainerItemProxy */;
			sourceTree = BUILT_PRODUCTS_DIR;
		};
/* End PBXReferenceProxy section */

/* Begin PBXResourcesBuildPhase section */
		1D60588D0D05DD3D006BFB54 /* Resources */ = {
			isa = PBXResourcesBuildPhase;
			buildActionMask = 2147483647;
			files = (
				302D95F214D2391D003F00A1 /* MainViewController.xib in Resources */,
				0207DA581B56EA530066E2B4 /* Images.xcassets in Resources */,
				6AFF5BF91D6E424B00AB3073 /* CDVLaunchScreen.storyboard in Resources */,
				310C48630C58487C8E5E77C8 /* CDVNotification.bundle in Resources */,
				E7B46F157B6F4FE6B01E88AB /* PEPhotoCropEditor.bundle in Resources */,
				4E0C8C5029634503B4CBF744 /* GMEmptyFolder@1x.png in Resources */,
				05654A7529EC4FCC95903673 /* GMEmptyFolder@2x.png in Resources */,
				A23D9AC88E654EBDA3D2EF56 /* GMSelected.png in Resources */,
				14D8C9DBE60846A2835FE20B /* GMSelected@2x.png in Resources */,
				13B64139B0274EB38C5A2869 /* GMVideoIcon.png in Resources */,
				C6445A94C9D84985BD99C89B /* GMVideoIcon@2x.png in Resources */,
				021C217FF76F48C9BB3D5EE6 /* ca.lproj in Resources */,
				237EBBBFAA894D47A6C6C6EF /* de.lproj in Resources */,
				EEE57311E27B4FAA989A3A6E /* en.lproj in Resources */,
				185E4C19DFA24B6A9EE69E26 /* es.lproj in Resources */,
				0815C83708044D3FBFC516FE /* fr.lproj in Resources */,
				E4F072024562413AA7C9B70E /* it.lproj in Resources */,
				691002F771E443F68CC5E5F1 /* pt.lproj in Resources */,
				BE00BFD62986465DA09E38BF /* pl.lproj in Resources */,
				D38869488C7E4BFAB3C3E7A7 /* zh-Hans.lproj in Resources */,
			);
			runOnlyForDeploymentPostprocessing = 0;
		};
/* End PBXResourcesBuildPhase section */

/* Begin PBXShellScriptBuildPhase section */
		304B58A110DAC018002A0835 /* Copy www directory */ = {
			isa = PBXShellScriptBuildPhase;
			buildActionMask = 2147483647;
			files = (
			);
			inputPaths = (
			);
			name = "Copy www directory";
			outputPaths = (
			);
			runOnlyForDeploymentPostprocessing = 0;
			shellPath = /bin/sh;
			shellScript = "\"$SRCROOT/Jarasim/Scripts/copy-www-build-step.sh\"";
			showEnvVarsInLog = 0;
		};
		67A70DD73B80BB19CA77BA12 /* [CP] Copy Pods Resources */ = {
			isa = PBXShellScriptBuildPhase;
			buildActionMask = 2147483647;
			files = (
			);
			inputFileListPaths = (
				"${PODS_ROOT}/Target Support Files/Pods-Jarasim/Pods-Jarasim-resources-${CONFIGURATION}-input-files.xcfilelist",
			);
			name = "[CP] Copy Pods Resources";
			outputFileListPaths = (
				"${PODS_ROOT}/Target Support Files/Pods-Jarasim/Pods-Jarasim-resources-${CONFIGURATION}-output-files.xcfilelist",
			);
			runOnlyForDeploymentPostprocessing = 0;
			shellPath = /bin/sh;
			shellScript = "\"${PODS_ROOT}/Target Support Files/Pods-Jarasim/Pods-Jarasim-resources.sh\"\n";
			showEnvVarsInLog = 0;
		};
		ED0E40F5CB51D9B154D4EFC2 /* [CP] Check Pods Manifest.lock */ = {
			isa = PBXShellScriptBuildPhase;
			buildActionMask = 2147483647;
			files = (
			);
			inputFileListPaths = (
			);
			inputPaths = (
				"${PODS_PODFILE_DIR_PATH}/Podfile.lock",
				"${PODS_ROOT}/Manifest.lock",
			);
			name = "[CP] Check Pods Manifest.lock";
			outputFileListPaths = (
			);
			outputPaths = (
				"$(DERIVED_FILE_DIR)/Pods-Jarasim-checkManifestLockResult.txt",
			);
			runOnlyForDeploymentPostprocessing = 0;
			shellPath = /bin/sh;
			shellScript = "diff \"${PODS_PODFILE_DIR_PATH}/Podfile.lock\" \"${PODS_ROOT}/Manifest.lock\" > /dev/null\nif [ $? != 0 ] ; then\n    # print error to STDERR\n    echo \"error: The sandbox is not in sync with the Podfile.lock. Run 'pod install' or update your CocoaPods installation.\" >&2\n    exit 1\nfi\n# This output is used by Xcode 'outputs' to avoid re-running this script phase.\necho \"SUCCESS\" > \"${SCRIPT_OUTPUT_FILE_0}\"\n";
			showEnvVarsInLog = 0;
		};
		FD8BD20C28B2031321B66722 /* [CP] Embed Pods Frameworks */ = {
			isa = PBXShellScriptBuildPhase;
			buildActionMask = 2147483647;
			files = (
			);
			inputFileListPaths = (
				"${PODS_ROOT}/Target Support Files/Pods-Jarasim/Pods-Jarasim-frameworks-${CONFIGURATION}-input-files.xcfilelist",
			);
			name = "[CP] Embed Pods Frameworks";
			outputFileListPaths = (
				"${PODS_ROOT}/Target Support Files/Pods-Jarasim/Pods-Jarasim-frameworks-${CONFIGURATION}-output-files.xcfilelist",
			);
			runOnlyForDeploymentPostprocessing = 0;
			shellPath = /bin/sh;
			shellScript = "\"${PODS_ROOT}/Target Support Files/Pods-Jarasim/Pods-Jarasim-frameworks.sh\"\n";
			showEnvVarsInLog = 0;
		};
/* End PBXShellScriptBuildPhase section */

/* Begin PBXSourcesBuildPhase section */
		1D60588E0D05DD3D006BFB54 /* Sources */ = {
			isa = PBXSourcesBuildPhase;
			buildActionMask = 2147483647;
			files = (
				1D60589B0D05DD56006BFB54 /* main.m in Sources */,
				1D3623260D0F684500981E51 /* AppDelegate.m in Sources */,
				302D95F114D2391D003F00A1 /* MainViewController.m in Sources */,
				2FDA21AB00304987BBA6B8AD /* CDVFile.m in Sources */,
				D037A10F7DD14A2A87810DF8 /* CDVLocalFilesystem.m in Sources */,
				A117148CE34D431AAD5EA60B /* CDVAssetLibraryFilesystem.m in Sources */,
				AC6FD4C3523743E68AA1465A /* CordovaHttpPlugin.m in Sources */,
				92A3EDE3A5EE442E91FD8CAF /* BinaryRequestSerializer.m in Sources */,
				3BFF498B92B04FBCBEAB4D42 /* BinaryResponseSerializer.m in Sources */,
				2B520FD6E3C54550854F2828 /* TextResponseSerializer.m in Sources */,
				97F165330C5A4B9AB8A7C372 /* TextRequestSerializer.m in Sources */,
				CFC2D434E64F476AA91A2E93 /* SM_AFHTTPSessionManager.m in Sources */,
				895506823747470D81C84F13 /* SM_AFNetworkReachabilityManager.m in Sources */,
				D6EF6DBD96CD41FAAC36F2CD /* SM_AFSecurityPolicy.m in Sources */,
				6C48FD6CE96A42F2AE93F649 /* SM_AFURLRequestSerialization.m in Sources */,
				0A7BD5E83F79417AAF2175C6 /* SM_AFURLResponseSerialization.m in Sources */,
				96B3D2798A244F308E47F339 /* SM_AFURLSessionManager.m in Sources */,
				257DD59687F24302A5859E4B /* SDNetworkActivityIndicator.m in Sources */,
				F80CE56D50CE42E2A476BBFD /* CDVNotification.m in Sources */,
				EF9DFCC1BAC944C1B33343F1 /* NativeStorage.m in Sources */,
				46C240A051E44DF79E892F20 /* CDVAppRate.m in Sources */,
				3882F2CA2761463D8073F010 /* CTCrop.m in Sources */,
				6D4D178C037E4CB8B0EDD639 /* PECropRectView.m in Sources */,
				80445854B6A043EE997533F0 /* PECropView.m in Sources */,
				036A1D474B20456B95947AF6 /* PECropViewController.m in Sources */,
				853CA31F9DF44941A4EDB0F5 /* PEResizeControl.m in Sources */,
				6548A65CD529493192C817B9 /* UIImage+PECrop.m in Sources */,
				CF888E9AE979406FB6B70082 /* CDVDevice.m in Sources */,
				40547F269E9D4C689FA1054C /* APPEmailComposer.m in Sources */,
				37542F90DA9B439BA1B46433 /* APPEmailComposerImpl.m in Sources */,
				CD7CD2F9AA4C49E5A5B4692F /* FacebookConnectPlugin.m in Sources */,
				EB8251128532448DAC549674 /* CDVFileTransfer.m in Sources */,
				6D339F8DBDB74ABCAF66B725 /* CDVLocation.m in Sources */,
				C93456B0E571483FB6294388 /* GooglePlus.m in Sources */,
				0D072DB2F53C42788DBE4A5B /* CDVInAppBrowserOptions.m in Sources */,
				51F36D7E26954CE9B86C809A /* CDVInAppBrowserNavigationController.m in Sources */,
				6EB1215CFBAF49E4944B9748 /* CDVWKInAppBrowser.m in Sources */,
				6B16F9BEBDEA4D61A56E2B53 /* CDVWKInAppBrowserUIDelegate.m in Sources */,
				931675F6FAE14FE7A8D98B91 /* CDVIonicKeyboard.m in Sources */,
				81A42EBA8B004DD8BA355DD8 /* CDVWKWebViewEngine.m in Sources */,
				20DD742E833D42ACAEBE577C /* CDVWKWebViewUIDelegate.m in Sources */,
				AE76100104534BCE8F9B9771 /* CDVWKProcessPoolFactory.m in Sources */,
				183765C02A8A40558BE9C043 /* IONAssetHandler.m in Sources */,
				5DB08E6BDF874B5F81634E1B /* NativeGeocoder.swift in Sources */,
				7261375EC2BC4397BFC46F8E /* RequestLocationAccuracy.m in Sources */,
				75F81B9D74F14D129EFA3350 /* CDVStatusBar.m in Sources */,
				2F6FE1DCCB3D419E8C820AC3 /* SOSPicker.m in Sources */,
				BF1E788F86184032A56C7C78 /* FeHourGlass.m in Sources */,
				9A5CA26C46FE431991F8DBF2 /* UIImage+fixOrientation.m in Sources */,
				D0B57A9DFF7740DDAA20AC93 /* GMAlbumsViewCell.m in Sources */,
				1F88D47596DE4BF481505E44 /* GMAlbumsViewController.m in Sources */,
				682B4C44DE36497987A9CFBD /* GMFetchItem.m in Sources */,
				418815F5FC5948AF92CC0CD9 /* GMGridViewCell.m in Sources */,
				2128DBB5C0FC44A991C2DAF7 /* GMGridViewController.m in Sources */,
				91E86A1311794818B916B02A /* GMImagePickerController.m in Sources */,
				16E7E910DC0546AABE0DBB2F /* PSYBlockTimer.m in Sources */,
				391A7C58DC414E6AA205D23C /* GMPHAsset.m in Sources */,
				65F28C5933BB410EA2AE6D68 /* NSString+SSURLEncoding.m in Sources */,
				5BF45B5915D243A6B824C5CE /* SocialSharing.m in Sources */,
				0EA72C030DDF448DA492ECA3 /* SQLitePlugin.m in Sources */,
				AF1B985C49184FAB8069008B /* CustomPSPDFThreadSafeMutableDictionary.m in Sources */,
				E129A0EA76904A2E82FF783E /* sqlite3.c in Sources */,
			);
			runOnlyForDeploymentPostprocessing = 0;
		};
/* End PBXSourcesBuildPhase section */

/* Begin PBXTargetDependency section */
		301BF551109A68C00062928A /* PBXTargetDependency */ = {
			isa = PBXTargetDependency;
			name = CordovaLib;
			targetProxy = 301BF550109A68C00062928A /* PBXContainerItemProxy */;
		};
/* End PBXTargetDependency section */

/* Begin XCBuildConfiguration section */
		1D6058940D05DD3E006BFB54 /* Debug */ = {
			isa = XCBuildConfiguration;
			baseConfigurationReference = 3047A50F1AB8059700498E2A /* build-debug.xcconfig */;
			buildSettings = {
				ALWAYS_EMBED_SWIFT_STANDARD_LIBRARIES = YES;
				ALWAYS_SEARCH_USER_PATHS = NO;
				ASSETCATALOG_COMPILER_APPICON_NAME = AppIcon;
				CLANG_ENABLE_MODULES = YES;
				CLANG_ENABLE_OBJC_ARC = YES;
				CODE_SIGN_IDENTITY = "Apple Development";
				COPY_PHASE_STRIP = NO;
				CURRENT_PROJECT_VERSION = 1;
				DEVELOPMENT_TEAM = ZZKSAQ9YBR;
				GCC_DYNAMIC_NO_PIC = NO;
				GCC_OPTIMIZATION_LEVEL = 0;
				GCC_PRECOMPILE_PREFIX_HEADER = YES;
				GCC_PREFIX_HEADER = "Jarasim/Jarasim-Prefix.pch";
				GCC_THUMB_SUPPORT = NO;
				GCC_VERSION = "";
				INFOPLIST_FILE = "Jarasim/Jarasim-Info.plist";
				INFOPLIST_KEY_CFBundleDisplayName = Jarasim;
				IPHONEOS_DEPLOYMENT_TARGET = 11.0;
				LD_RUNPATH_SEARCH_PATHS = "@executable_path/Frameworks";
				MARKETING_VERSION = 1.0;
				PRODUCT_BUNDLE_IDENTIFIER = com.jarasim.app;
				PRODUCT_NAME = "$(TARGET_NAME)";
				SWIFT_OBJC_BRIDGING_HEADER = "$(PROJECT_DIR)/$(PROJECT_NAME)/Bridging-Header.h";
				SWIFT_OPTIMIZATION_LEVEL = "-Onone";
				SWIFT_VERSION = 4.0;
				TARGETED_DEVICE_FAMILY = "1,2";
				VALIDATE_WORKSPACE = NO;
			};
			name = Debug;
		};
		1D6058950D05DD3E006BFB54 /* Release */ = {
			isa = XCBuildConfiguration;
			baseConfigurationReference = 3047A5101AB8059700498E2A /* build-release.xcconfig */;
			buildSettings = {
				ALWAYS_EMBED_SWIFT_STANDARD_LIBRARIES = YES;
				ALWAYS_SEARCH_USER_PATHS = NO;
				ASSETCATALOG_COMPILER_APPICON_NAME = AppIcon;
				CLANG_ENABLE_MODULES = YES;
				CLANG_ENABLE_OBJC_ARC = YES;
				CODE_SIGN_IDENTITY = "Apple Development";
				COPY_PHASE_STRIP = YES;
				CURRENT_PROJECT_VERSION = 1;
				DEVELOPMENT_TEAM = ZZKSAQ9YBR;
				GCC_PRECOMPILE_PREFIX_HEADER = YES;
				GCC_PREFIX_HEADER = "Jarasim/Jarasim-Prefix.pch";
				GCC_THUMB_SUPPORT = NO;
				GCC_VERSION = "";
				INFOPLIST_FILE = "Jarasim/Jarasim-Info.plist";
				INFOPLIST_KEY_CFBundleDisplayName = Jarasim;
				IPHONEOS_DEPLOYMENT_TARGET = 11.0;
				LD_RUNPATH_SEARCH_PATHS = "@executable_path/Frameworks";
				MARKETING_VERSION = 1.0;
				PRODUCT_BUNDLE_IDENTIFIER = com.jarasim.app;
				PRODUCT_NAME = "$(TARGET_NAME)";
				SWIFT_OBJC_BRIDGING_HEADER = "$(PROJECT_DIR)/$(PROJECT_NAME)/Bridging-Header.h";
				SWIFT_VERSION = 4.0;
				TARGETED_DEVICE_FAMILY = "1,2";
				VALIDATE_WORKSPACE = NO;
			};
			name = Release;
		};
		C01FCF4F08A954540054247B /* Debug */ = {
			isa = XCBuildConfiguration;
			baseConfigurationReference = 3047A5111AB8059700498E2A /* build.xcconfig */;
			buildSettings = {
				ALWAYS_EMBED_SWIFT_STANDARD_LIBRARIES = YES;
				CLANG_ANALYZER_LOCALIZABILITY_NONLOCALIZED = YES;
				CLANG_ENABLE_MODULES = YES;
				CLANG_ENABLE_OBJC_ARC = YES;
				CLANG_WARN_BLOCK_CAPTURE_AUTORELEASING = YES;
				CLANG_WARN_BOOL_CONVERSION = YES;
				CLANG_WARN_COMMA = YES;
				CLANG_WARN_CONSTANT_CONVERSION = YES;
				CLANG_WARN_DEPRECATED_OBJC_IMPLEMENTATIONS = YES;
				CLANG_WARN_EMPTY_BODY = YES;
				CLANG_WARN_ENUM_CONVERSION = YES;
				CLANG_WARN_INFINITE_RECURSION = YES;
				CLANG_WARN_INT_CONVERSION = YES;
				CLANG_WARN_NON_LITERAL_NULL_CONVERSION = YES;
				CLANG_WARN_OBJC_IMPLICIT_RETAIN_SELF = YES;
				CLANG_WARN_OBJC_LITERAL_CONVERSION = YES;
				CLANG_WARN_RANGE_LOOP_ANALYSIS = YES;
				CLANG_WARN_STRICT_PROTOTYPES = YES;
				CLANG_WARN_SUSPICIOUS_MOVE = YES;
				CLANG_WARN_UNREACHABLE_CODE = YES;
				CLANG_WARN__DUPLICATE_METHOD_MATCH = YES;
				ENABLE_STRICT_OBJC_MSGSEND = YES;
				ENABLE_TESTABILITY = YES;
				GCC_C_LANGUAGE_STANDARD = c99;
				GCC_NO_COMMON_BLOCKS = YES;
				GCC_THUMB_SUPPORT = NO;
				GCC_VERSION = "";
				GCC_WARN_64_TO_32_BIT_CONVERSION = YES;
				GCC_WARN_ABOUT_RETURN_TYPE = YES;
				GCC_WARN_UNDECLARED_SELECTOR = YES;
				GCC_WARN_UNINITIALIZED_AUTOS = YES;
				GCC_WARN_UNUSED_FUNCTION = YES;
				GCC_WARN_UNUSED_VARIABLE = YES;
				IPHONEOS_DEPLOYMENT_TARGET = 11.0;
				ONLY_ACTIVE_ARCH = YES;
				SDKROOT = iphoneos;
				SKIP_INSTALL = NO;
				SWIFT_OBJC_BRIDGING_HEADER = "$(PROJECT_DIR)/$(PROJECT_NAME)/Bridging-Header.h";
				SWIFT_OPTIMIZATION_LEVEL = "-Onone";
				SWIFT_VERSION = 4.0;
				WK_WEB_VIEW_ONLY = 1;
			};
			name = Debug;
		};
		C01FCF5008A954540054247B /* Release */ = {
			isa = XCBuildConfiguration;
			baseConfigurationReference = 3047A5111AB8059700498E2A /* build.xcconfig */;
			buildSettings = {
				ALWAYS_EMBED_SWIFT_STANDARD_LIBRARIES = YES;
				CLANG_ANALYZER_LOCALIZABILITY_NONLOCALIZED = YES;
				CLANG_ENABLE_MODULES = YES;
				CLANG_ENABLE_OBJC_ARC = YES;
				CLANG_WARN_BLOCK_CAPTURE_AUTORELEASING = YES;
				CLANG_WARN_BOOL_CONVERSION = YES;
				CLANG_WARN_COMMA = YES;
				CLANG_WARN_CONSTANT_CONVERSION = YES;
				CLANG_WARN_DEPRECATED_OBJC_IMPLEMENTATIONS = YES;
				CLANG_WARN_EMPTY_BODY = YES;
				CLANG_WARN_ENUM_CONVERSION = YES;
				CLANG_WARN_INFINITE_RECURSION = YES;
				CLANG_WARN_INT_CONVERSION = YES;
				CLANG_WARN_NON_LITERAL_NULL_CONVERSION = YES;
				CLANG_WARN_OBJC_IMPLICIT_RETAIN_SELF = YES;
				CLANG_WARN_OBJC_LITERAL_CONVERSION = YES;
				CLANG_WARN_RANGE_LOOP_ANALYSIS = YES;
				CLANG_WARN_STRICT_PROTOTYPES = YES;
				CLANG_WARN_SUSPICIOUS_MOVE = YES;
				CLANG_WARN_UNREACHABLE_CODE = YES;
				CLANG_WARN__DUPLICATE_METHOD_MATCH = YES;
				ENABLE_STRICT_OBJC_MSGSEND = YES;
				GCC_C_LANGUAGE_STANDARD = c99;
				GCC_NO_COMMON_BLOCKS = YES;
				GCC_THUMB_SUPPORT = NO;
				GCC_VERSION = "";
				GCC_WARN_64_TO_32_BIT_CONVERSION = YES;
				GCC_WARN_ABOUT_RETURN_TYPE = YES;
				GCC_WARN_UNDECLARED_SELECTOR = YES;
				GCC_WARN_UNINITIALIZED_AUTOS = YES;
				GCC_WARN_UNUSED_FUNCTION = YES;
				GCC_WARN_UNUSED_VARIABLE = YES;
				IPHONEOS_DEPLOYMENT_TARGET = 11.0;
				SDKROOT = iphoneos;
				SKIP_INSTALL = NO;
				SWIFT_OBJC_BRIDGING_HEADER = "$(PROJECT_DIR)/$(PROJECT_NAME)/Bridging-Header.h";
				SWIFT_VERSION = 4.0;
				WK_WEB_VIEW_ONLY = 1;
			};
			name = Release;
		};
/* End XCBuildConfiguration section */

/* Begin XCConfigurationList section */
		1D6058960D05DD3E006BFB54 /* Build configuration list for PBXNativeTarget "Jarasim" */ = {
			isa = XCConfigurationList;
			buildConfigurations = (
				1D6058940D05DD3E006BFB54 /* Debug */,
				1D6058950D05DD3E006BFB54 /* Release */,
			);
			defaultConfigurationIsVisible = 0;
			defaultConfigurationName = Release;
		};
		C01FCF4E08A954540054247B /* Build configuration list for PBXProject "Jarasim" */ = {
			isa = XCConfigurationList;
			buildConfigurations = (
				C01FCF4F08A954540054247B /* Debug */,
				C01FCF5008A954540054247B /* Release */,
			);
			defaultConfigurationIsVisible = 0;
			defaultConfigurationName = Release;
		};
/* End XCConfigurationList section */
	};
	rootObject = 29B97313FDCFA39411CA2CEA /* Project object */;
}
